// !$*UTF8*$!
{
	archiveVersion = 1;
	classes = {
	};
	objectVersion = 46;
	objects = {

/* Begin PBXBuildFile section */
		171724ED3A0843AB9AC1B25E /* libPods.a in Frameworks */ = {isa = PBXBuildFile; fileRef = 01D782ECE4B14578B67EA5D0 /* libPods.a */; };
		8811DC4019BDD0FA008FE226 /* WebContentViewController.swift in Sources */ = {isa = PBXBuildFile; fileRef = 8811DC3F19BDD0FA008FE226 /* WebContentViewController.swift */; };
		8845B85019CC32560025D1D2 /* DDListViewController.swift in Sources */ = {isa = PBXBuildFile; fileRef = 8845B84F19CC32560025D1D2 /* DDListViewController.swift */; };
		885FD6831996E1DF00F23BA1 /* FormViewController.swift in Sources */ = {isa = PBXBuildFile; fileRef = 885FD6821996E1DF00F23BA1 /* FormViewController.swift */; };
		8868AFCC19656B0500FD5214 /* AppDelegate.swift in Sources */ = {isa = PBXBuildFile; fileRef = 8868AFCB19656B0500FD5214 /* AppDelegate.swift */; };
		8868AFCE19656B0500FD5214 /* ViewController.swift in Sources */ = {isa = PBXBuildFile; fileRef = 8868AFCD19656B0500FD5214 /* ViewController.swift */; };
		8868AFD119656B0500FD5214 /* Main.storyboard in Resources */ = {isa = PBXBuildFile; fileRef = 8868AFCF19656B0500FD5214 /* Main.storyboard */; };
		8868AFD319656B0500FD5214 /* Images.xcassets in Resources */ = {isa = PBXBuildFile; fileRef = 8868AFD219656B0500FD5214 /* Images.xcassets */; };
		888F6206198FD3F20082786B /* SignUpViewController.swift in Sources */ = {isa = PBXBuildFile; fileRef = 888F6205198FD3F20082786B /* SignUpViewController.swift */; };
		8890CDAA19AE1CA50012B842 /* MobileCoreServices.framework in Frameworks */ = {isa = PBXBuildFile; fileRef = 8890CDA919AE1CA50012B842 /* MobileCoreServices.framework */; };
		889558DF19C1E7FD00657AC7 /* AssetListViewController.swift in Sources */ = {isa = PBXBuildFile; fileRef = 889558DE19C1E7FD00657AC7 /* AssetListViewController.swift */; };
		88C7ADDC19D96DF9008F1B19 /* BaseConnector.swift in Sources */ = {isa = PBXBuildFile; fileRef = 88C7ADDB19D96DF9008F1B19 /* BaseConnector.swift */; };
		88C7ADF719D97048008F1B19 /* AuthBased.swift in Sources */ = {isa = PBXBuildFile; fileRef = 88C7ADE519D97048008F1B19 /* AuthBased.swift */; };
		88C7ADF819D97048008F1B19 /* ForgotPasswordView.swift in Sources */ = {isa = PBXBuildFile; fileRef = 88C7ADE719D97048008F1B19 /* ForgotPasswordView.swift */; };
		88C7ADF919D97048008F1B19 /* ForgotPasswordWidget.swift in Sources */ = {isa = PBXBuildFile; fileRef = 88C7ADE819D97048008F1B19 /* ForgotPasswordWidget.swift */; };
		88C7ADFB19D97048008F1B19 /* LiferayLoginBaseConnector.swift in Sources */ = {isa = PBXBuildFile; fileRef = 88C7ADEC19D97048008F1B19 /* LiferayLoginBaseConnector.swift */; };
		88C7ADFC19D97048008F1B19 /* LiferayLoginEmailConnector.swift in Sources */ = {isa = PBXBuildFile; fileRef = 88C7ADED19D97048008F1B19 /* LiferayLoginEmailConnector.swift */; };
		88C7ADFD19D97048008F1B19 /* LiferayLoginScreenNameConnector.swift in Sources */ = {isa = PBXBuildFile; fileRef = 88C7ADEE19D97048008F1B19 /* LiferayLoginScreenNameConnector.swift */; };
		88C7ADFE19D97048008F1B19 /* LoginView.swift in Sources */ = {isa = PBXBuildFile; fileRef = 88C7ADEF19D97048008F1B19 /* LoginView.swift */; };
		88C7ADFF19D97048008F1B19 /* LoginWidget.swift in Sources */ = {isa = PBXBuildFile; fileRef = 88C7ADF019D97048008F1B19 /* LoginWidget.swift */; };
		88C7AE0019D97048008F1B19 /* LRSession+CredentialStore.swift in Sources */ = {isa = PBXBuildFile; fileRef = 88C7ADF119D97048008F1B19 /* LRSession+CredentialStore.swift */; };
		88C7AE0119D97048008F1B19 /* LiferaySignUpConnector.swift in Sources */ = {isa = PBXBuildFile; fileRef = 88C7ADF419D97048008F1B19 /* LiferaySignUpConnector.swift */; };
		88C7AE0219D97048008F1B19 /* SignUpView.swift in Sources */ = {isa = PBXBuildFile; fileRef = 88C7ADF519D97048008F1B19 /* SignUpView.swift */; };
		88C7AE0319D97048008F1B19 /* SignUpWidget.swift in Sources */ = {isa = PBXBuildFile; fileRef = 88C7ADF619D97048008F1B19 /* SignUpWidget.swift */; };
		88C7AE0E19D972EB008F1B19 /* ForgotPasswordView_default.swift in Sources */ = {isa = PBXBuildFile; fileRef = 88C7AE0619D972EB008F1B19 /* ForgotPasswordView_default.swift */; };
		88C7AE0F19D972EB008F1B19 /* ForgotPasswordView_default.xib in Resources */ = {isa = PBXBuildFile; fileRef = 88C7AE0719D972EB008F1B19 /* ForgotPasswordView_default.xib */; };
		88C7AE1019D972EB008F1B19 /* LoginView_default.swift in Sources */ = {isa = PBXBuildFile; fileRef = 88C7AE0919D972EB008F1B19 /* LoginView_default.swift */; };
		88C7AE1119D972EB008F1B19 /* LoginView_default.xib in Resources */ = {isa = PBXBuildFile; fileRef = 88C7AE0A19D972EB008F1B19 /* LoginView_default.xib */; };
		88C7AE1219D972EB008F1B19 /* SignUpView_default.swift in Sources */ = {isa = PBXBuildFile; fileRef = 88C7AE0C19D972EB008F1B19 /* SignUpView_default.swift */; };
		88C7AE1319D972EB008F1B19 /* SignUpView_default.xib in Resources */ = {isa = PBXBuildFile; fileRef = 88C7AE0D19D972EB008F1B19 /* SignUpView_default.xib */; };
		88C7AE1E19D972FB008F1B19 /* ForgotPasswordView_flat7.swift in Sources */ = {isa = PBXBuildFile; fileRef = 88C7AE1619D972FB008F1B19 /* ForgotPasswordView_flat7.swift */; };
		88C7AE1F19D972FB008F1B19 /* ForgotPasswordView_flat7.xib in Resources */ = {isa = PBXBuildFile; fileRef = 88C7AE1719D972FB008F1B19 /* ForgotPasswordView_flat7.xib */; };
		88C7AE2019D972FB008F1B19 /* LoginView_flat7.swift in Sources */ = {isa = PBXBuildFile; fileRef = 88C7AE1919D972FB008F1B19 /* LoginView_flat7.swift */; };
		88C7AE2119D972FB008F1B19 /* LoginView_flat7.xib in Resources */ = {isa = PBXBuildFile; fileRef = 88C7AE1A19D972FB008F1B19 /* LoginView_flat7.xib */; };
		88C7AE2219D972FB008F1B19 /* SignUpView_flat7.swift in Sources */ = {isa = PBXBuildFile; fileRef = 88C7AE1C19D972FB008F1B19 /* SignUpView_flat7.swift */; };
		88C7AE2319D972FB008F1B19 /* SignUpView_flat7.xib in Resources */ = {isa = PBXBuildFile; fileRef = 88C7AE1D19D972FB008F1B19 /* SignUpView_flat7.xib */; };
		88D238A019D9942F00CE8DBC /* LiferayForgotPasswordBaseConnector.swift in Sources */ = {isa = PBXBuildFile; fileRef = 88D2389F19D9942F00CE8DBC /* LiferayForgotPasswordBaseConnector.swift */; };
		88D238A319D9963000CE8DBC /* LiferayForgotPasswordEmailConnector.swift in Sources */ = {isa = PBXBuildFile; fileRef = 88D238A119D9963000CE8DBC /* LiferayForgotPasswordEmailConnector.swift */; };
		88D238A419D9963000CE8DBC /* LiferayForgotPasswordScreenNameConnector.swift in Sources */ = {isa = PBXBuildFile; fileRef = 88D238A219D9963000CE8DBC /* LiferayForgotPasswordScreenNameConnector.swift */; };
		88D238A619D997AC00CE8DBC /* LiferayForgotPasswordUserIdConnector.swift in Sources */ = {isa = PBXBuildFile; fileRef = 88D238A519D997AC00CE8DBC /* LiferayForgotPasswordUserIdConnector.swift */; };
		88D238AA19D9AA0B00CE8DBC /* LiferayLoginUserIdConnector.swift in Sources */ = {isa = PBXBuildFile; fileRef = 88D238A919D9AA0B00CE8DBC /* LiferayLoginUserIdConnector.swift */; };
		88F3902B19D595B100169918 /* liferay-server-context.plist in Resources */ = {isa = PBXBuildFile; fileRef = 88F3902A19D595B100169918 /* liferay-server-context.plist */; };
		88F390D719D595C200169918 /* WebContentView.swift in Sources */ = {isa = PBXBuildFile; fileRef = 88F3902E19D595C200169918 /* WebContentView.swift */; };
		88F390D819D595C200169918 /* WebContentWidget.swift in Sources */ = {isa = PBXBuildFile; fileRef = 88F3902F19D595C200169918 /* WebContentWidget.swift */; };
		88F390D919D595C200169918 /* AssetListView.swift in Sources */ = {isa = PBXBuildFile; fileRef = 88F3903119D595C200169918 /* AssetListView.swift */; };
		88F390DA19D595C200169918 /* AssetListWidget.swift in Sources */ = {isa = PBXBuildFile; fileRef = 88F3903219D595C200169918 /* AssetListWidget.swift */; };
		88F390DB19D595C200169918 /* AssetListTableView.swift in Sources */ = {isa = PBXBuildFile; fileRef = 88F3903419D595C200169918 /* AssetListTableView.swift */; };
		88F390DC19D595C200169918 /* BaseListView.swift in Sources */ = {isa = PBXBuildFile; fileRef = 88F3903719D595C200169918 /* BaseListView.swift */; };
		88F390DD19D595C200169918 /* BaseListWidget.swift in Sources */ = {isa = PBXBuildFile; fileRef = 88F3903819D595C200169918 /* BaseListWidget.swift */; };
		88F390DE19D595C200169918 /* BaseListTableView.swift in Sources */ = {isa = PBXBuildFile; fileRef = 88F3903A19D595C200169918 /* BaseListTableView.swift */; };
		88F390DF19D595C200169918 /* BaseWidget+progress.swift in Sources */ = {isa = PBXBuildFile; fileRef = 88F3903B19D595C200169918 /* BaseWidget+progress.swift */; };
		88F390E019D595C200169918 /* BaseWidget.swift in Sources */ = {isa = PBXBuildFile; fileRef = 88F3903C19D595C200169918 /* BaseWidget.swift */; };
		88F390E119D595C200169918 /* BaseWidgetView.swift in Sources */ = {isa = PBXBuildFile; fileRef = 88F3903D19D595C200169918 /* BaseWidgetView.swift */; };
		88F390E219D595C200169918 /* LiferayServerContext.swift in Sources */ = {isa = PBXBuildFile; fileRef = 88F3903E19D595C200169918 /* LiferayServerContext.swift */; };
		88F390E319D595C200169918 /* PaginationOperation.swift in Sources */ = {isa = PBXBuildFile; fileRef = 88F3903F19D595C200169918 /* PaginationOperation.swift */; };
		88F390E419D595C200169918 /* SessionContext.swift in Sources */ = {isa = PBXBuildFile; fileRef = 88F3904019D595C200169918 /* SessionContext.swift */; };
		88F390E519D595C200169918 /* ThemeManager.swift in Sources */ = {isa = PBXBuildFile; fileRef = 88F3904119D595C200169918 /* ThemeManager.swift */; };
		88F390E619D595C200169918 /* DDLValuesParser.swift in Sources */ = {isa = PBXBuildFile; fileRef = 88F3904319D595C200169918 /* DDLValuesParser.swift */; };
		88F390E719D595C200169918 /* DDLXSDParser.swift in Sources */ = {isa = PBXBuildFile; fileRef = 88F3904419D595C200169918 /* DDLXSDParser.swift */; };
		88F390E819D595C200169918 /* DDLFormView.swift in Sources */ = {isa = PBXBuildFile; fileRef = 88F3904619D595C200169918 /* DDLFormView.swift */; };
		88F390E919D595C200169918 /* DDLFormWidget.swift in Sources */ = {isa = PBXBuildFile; fileRef = 88F3904719D595C200169918 /* DDLFormWidget.swift */; };
		88F390EA19D595C200169918 /* DDLFieldTableCell.swift in Sources */ = {isa = PBXBuildFile; fileRef = 88F3904919D595C200169918 /* DDLFieldTableCell.swift */; };
		88F390EB19D595C200169918 /* DDLFormTableView.swift in Sources */ = {isa = PBXBuildFile; fileRef = 88F3904A19D595C200169918 /* DDLFormTableView.swift */; };
		88F390EC19D595C200169918 /* DDLListView.swift in Sources */ = {isa = PBXBuildFile; fileRef = 88F3904C19D595C200169918 /* DDLListView.swift */; };
		88F390ED19D595C200169918 /* DDLListWidget.swift in Sources */ = {isa = PBXBuildFile; fileRef = 88F3904D19D595C200169918 /* DDLListWidget.swift */; };
		88F390EE19D595C200169918 /* DDLField+DataType.swift in Sources */ = {isa = PBXBuildFile; fileRef = 88F3904F19D595C200169918 /* DDLField+DataType.swift */; };
		88F390EF19D595C200169918 /* DDLField+Editor.swift in Sources */ = {isa = PBXBuildFile; fileRef = 88F3905019D595C200169918 /* DDLField+Editor.swift */; };
		88F390F019D595C200169918 /* DDLField.swift in Sources */ = {isa = PBXBuildFile; fileRef = 88F3905119D595C200169918 /* DDLField.swift */; };
		88F390F119D595C200169918 /* DDLFieldBoolean.swift in Sources */ = {isa = PBXBuildFile; fileRef = 88F3905219D595C200169918 /* DDLFieldBoolean.swift */; };
		88F390F219D595C200169918 /* DDLFieldDate.swift in Sources */ = {isa = PBXBuildFile; fileRef = 88F3905319D595C200169918 /* DDLFieldDate.swift */; };
		88F390F319D595C200169918 /* DDLFieldDocument.swift in Sources */ = {isa = PBXBuildFile; fileRef = 88F3905419D595C200169918 /* DDLFieldDocument.swift */; };
		88F390F419D595C200169918 /* DDLFieldNumber.swift in Sources */ = {isa = PBXBuildFile; fileRef = 88F3905519D595C200169918 /* DDLFieldNumber.swift */; };
		88F390F519D595C200169918 /* DDLFieldString.swift in Sources */ = {isa = PBXBuildFile; fileRef = 88F3905619D595C200169918 /* DDLFieldString.swift */; };
		88F390F619D595C200169918 /* DDLFieldStringWithOptions.swift in Sources */ = {isa = PBXBuildFile; fileRef = 88F3905719D595C200169918 /* DDLFieldStringWithOptions.swift */; };
		88F390F719D595C200169918 /* DDLFieldUntyped.swift in Sources */ = {isa = PBXBuildFile; fileRef = 88F3905819D595C200169918 /* DDLFieldUntyped.swift */; };
		88F390F819D595C200169918 /* DDLRecord.swift in Sources */ = {isa = PBXBuildFile; fileRef = 88F3905919D595C200169918 /* DDLRecord.swift */; };
		88F390F919D595C200169918 /* Bool+Conversion.swift in Sources */ = {isa = PBXBuildFile; fileRef = 88F3905B19D595C200169918 /* Bool+Conversion.swift */; };
		88F390FA19D595C200169918 /* Global.swift in Sources */ = {isa = PBXBuildFile; fileRef = 88F3905C19D595C200169918 /* Global.swift */; };
		88F390FC19D595C200169918 /* NSLocale+CurrentLocale.swift in Sources */ = {isa = PBXBuildFile; fileRef = 88F3905E19D595C200169918 /* NSLocale+CurrentLocale.swift */; };
		88F390FE19D595C200169918 /* UIView+Animations.swift in Sources */ = {isa = PBXBuildFile; fileRef = 88F3906119D595C200169918 /* UIView+Animations.swift */; };
		88F3910119D595C200169918 /* liferay-server-context-sample.plist in Resources */ = {isa = PBXBuildFile; fileRef = 88F3906619D595C200169918 /* liferay-server-context-sample.plist */; };
		88F3910619D595C200169918 /* LRMobilewidgetsassetentryService_v62.m in Sources */ = {isa = PBXBuildFile; fileRef = 88F3906E19D595C200169918 /* LRMobilewidgetsassetentryService_v62.m */; };
		88F3910719D595C200169918 /* LRMobilewidgetsddlrecordService_v62.m in Sources */ = {isa = PBXBuildFile; fileRef = 88F3907019D595C200169918 /* LRMobilewidgetsddlrecordService_v62.m */; };
		88F3910819D595C200169918 /* LRMobilewidgetsuserService_v62.m in Sources */ = {isa = PBXBuildFile; fileRef = 88F3907219D595C200169918 /* LRMobilewidgetsuserService_v62.m */; };
		88F3910B19D595C200169918 /* WebContentView_default.swift in Sources */ = {isa = PBXBuildFile; fileRef = 88F3907919D595C200169918 /* WebContentView_default.swift */; };
		88F3910C19D595C200169918 /* WebContentView_default.xib in Resources */ = {isa = PBXBuildFile; fileRef = 88F3907A19D595C200169918 /* WebContentView_default.xib */; };
		88F3910D19D595C200169918 /* AssetListView_default.swift in Sources */ = {isa = PBXBuildFile; fileRef = 88F3907C19D595C200169918 /* AssetListView_default.swift */; };
		88F3910E19D595C200169918 /* AssetListView_default.xib in Resources */ = {isa = PBXBuildFile; fileRef = 88F3907D19D595C200169918 /* AssetListView_default.xib */; };
		88F3910F19D595C200169918 /* DDLBaseFieldTextFieldTableCell_default.swift in Sources */ = {isa = PBXBuildFile; fileRef = 88F3908019D595C200169918 /* DDLBaseFieldTextFieldTableCell_default.swift */; };
		88F3911019D595C200169918 /* DDLFieldCheckboxTableCell_default.swift in Sources */ = {isa = PBXBuildFile; fileRef = 88F3908119D595C200169918 /* DDLFieldCheckboxTableCell_default.swift */; };
		88F3911119D595C200169918 /* DDLFieldCheckboxTableCell_default.xib in Resources */ = {isa = PBXBuildFile; fileRef = 88F3908219D595C200169918 /* DDLFieldCheckboxTableCell_default.xib */; };
		88F3911219D595C200169918 /* DDLFieldDateTableCell_default.swift in Sources */ = {isa = PBXBuildFile; fileRef = 88F3908319D595C200169918 /* DDLFieldDateTableCell_default.swift */; };
		88F3911319D595C200169918 /* DDLFieldDateTableCell_default.xib in Resources */ = {isa = PBXBuildFile; fileRef = 88F3908419D595C200169918 /* DDLFieldDateTableCell_default.xib */; };
		88F3911419D595C200169918 /* DDLFieldDocumentlibraryPresenterViewController_default.swift in Sources */ = {isa = PBXBuildFile; fileRef = 88F3908519D595C200169918 /* DDLFieldDocumentlibraryPresenterViewController_default.swift */; };
		88F3911519D595C200169918 /* DDLFieldDocumentlibraryPresenterViewController_default.xib in Resources */ = {isa = PBXBuildFile; fileRef = 88F3908619D595C200169918 /* DDLFieldDocumentlibraryPresenterViewController_default.xib */; };
		88F3911619D595C200169918 /* DDLFieldDocumentlibraryTableCell_default.swift in Sources */ = {isa = PBXBuildFile; fileRef = 88F3908719D595C200169918 /* DDLFieldDocumentlibraryTableCell_default.swift */; };
		88F3911719D595C200169918 /* DDLFieldDocumentlibraryTableCell_default.xib in Resources */ = {isa = PBXBuildFile; fileRef = 88F3908819D595C200169918 /* DDLFieldDocumentlibraryTableCell_default.xib */; };
		88F3911819D595C200169918 /* DDLFieldNumberTableCell_default.swift in Sources */ = {isa = PBXBuildFile; fileRef = 88F3908919D595C200169918 /* DDLFieldNumberTableCell_default.swift */; };
		88F3911919D595C200169918 /* DDLFieldNumberTableCell_default.xib in Resources */ = {isa = PBXBuildFile; fileRef = 88F3908A19D595C200169918 /* DDLFieldNumberTableCell_default.xib */; };
		88F3911A19D595C200169918 /* DDLFieldRadioTableCell_default.swift in Sources */ = {isa = PBXBuildFile; fileRef = 88F3908B19D595C200169918 /* DDLFieldRadioTableCell_default.swift */; };
		88F3911B19D595C200169918 /* DDLFieldRadioTableCell_default.xib in Resources */ = {isa = PBXBuildFile; fileRef = 88F3908C19D595C200169918 /* DDLFieldRadioTableCell_default.xib */; };
		88F3911C19D595C200169918 /* DDLFieldSelectTableCell_default.swift in Sources */ = {isa = PBXBuildFile; fileRef = 88F3908D19D595C200169918 /* DDLFieldSelectTableCell_default.swift */; };
		88F3911D19D595C200169918 /* DDLFieldSelectTableCell_default.xib in Resources */ = {isa = PBXBuildFile; fileRef = 88F3908E19D595C200169918 /* DDLFieldSelectTableCell_default.xib */; };
		88F3911E19D595C200169918 /* DDLFieldTextareaTableCell_default.swift in Sources */ = {isa = PBXBuildFile; fileRef = 88F3908F19D595C200169918 /* DDLFieldTextareaTableCell_default.swift */; };
		88F3911F19D595C200169918 /* DDLFieldTextareaTableCell_default.xib in Resources */ = {isa = PBXBuildFile; fileRef = 88F3909019D595C200169918 /* DDLFieldTextareaTableCell_default.xib */; };
		88F3912019D595C200169918 /* DDLFieldTextTableCell_default.swift in Sources */ = {isa = PBXBuildFile; fileRef = 88F3909119D595C200169918 /* DDLFieldTextTableCell_default.swift */; };
		88F3912119D595C200169918 /* DDLFieldTextTableCell_default.xib in Resources */ = {isa = PBXBuildFile; fileRef = 88F3909219D595C200169918 /* DDLFieldTextTableCell_default.xib */; };
		88F3912219D595C200169918 /* DDLFormDefaultThemeConstants.swift in Sources */ = {isa = PBXBuildFile; fileRef = 88F3909319D595C200169918 /* DDLFormDefaultThemeConstants.swift */; };
		88F3912319D595C200169918 /* DDLFormView_default.swift in Sources */ = {isa = PBXBuildFile; fileRef = 88F3909419D595C200169918 /* DDLFormView_default.swift */; };
		88F3912419D595C200169918 /* DDLFormView_default.xib in Resources */ = {isa = PBXBuildFile; fileRef = 88F3909519D595C200169918 /* DDLFormView_default.xib */; };
		88F3912519D595C200169918 /* DDLSubmitButtonTableCell_default.swift in Sources */ = {isa = PBXBuildFile; fileRef = 88F3909619D595C200169918 /* DDLSubmitButtonTableCell_default.swift */; };
		88F3912619D595C200169918 /* DDLSubmitButtonTableCell_default.xib in Resources */ = {isa = PBXBuildFile; fileRef = 88F3909719D595C200169918 /* DDLSubmitButtonTableCell_default.xib */; };
		88F3912719D595C200169918 /* DDLListView_default.swift in Sources */ = {isa = PBXBuildFile; fileRef = 88F3909919D595C200169918 /* DDLListView_default.swift */; };
		88F3912819D595C200169918 /* DDLListView_default.xib in Resources */ = {isa = PBXBuildFile; fileRef = 88F3909A19D595C200169918 /* DDLListView_default.xib */; };
		88F3912919D595C200169918 /* DefaultThemeConstants.swift in Sources */ = {isa = PBXBuildFile; fileRef = 88F3909B19D595C200169918 /* DefaultThemeConstants.swift */; };
		88F3912E19D595C200169918 /* default-calendar.png in Resources */ = {isa = PBXBuildFile; fileRef = 88F390A319D595C200169918 /* default-calendar.png */; };
		88F3912F19D595C200169918 /* default-calendar@2x.png in Resources */ = {isa = PBXBuildFile; fileRef = 88F390A419D595C200169918 /* default-calendar@2x.png */; };
		88F3913019D595C200169918 /* default-field-failed.png in Resources */ = {isa = PBXBuildFile; fileRef = 88F390A519D595C200169918 /* default-field-failed.png */; };
		88F3913119D595C200169918 /* default-field-failed@2x.png in Resources */ = {isa = PBXBuildFile; fileRef = 88F390A619D595C200169918 /* default-field-failed@2x.png */; };
		88F3913219D595C200169918 /* default-field-focused.png in Resources */ = {isa = PBXBuildFile; fileRef = 88F390A719D595C200169918 /* default-field-focused.png */; };
		88F3913319D595C200169918 /* default-field-focused@2x.png in Resources */ = {isa = PBXBuildFile; fileRef = 88F390A819D595C200169918 /* default-field-focused@2x.png */; };
		88F3913419D595C200169918 /* default-field.png in Resources */ = {isa = PBXBuildFile; fileRef = 88F390A919D595C200169918 /* default-field.png */; };
		88F3913519D595C200169918 /* default-field@2x.png in Resources */ = {isa = PBXBuildFile; fileRef = 88F390AA19D595C200169918 /* default-field@2x.png */; };
		88F3913619D595C200169918 /* default-hourglass.png in Resources */ = {isa = PBXBuildFile; fileRef = 88F390AB19D595C200169918 /* default-hourglass.png */; };
		88F3913719D595C200169918 /* default-hourglass@2x.png in Resources */ = {isa = PBXBuildFile; fileRef = 88F390AC19D595C200169918 /* default-hourglass@2x.png */; };
		88F3913819D595C200169918 /* default-large-button-selected.png in Resources */ = {isa = PBXBuildFile; fileRef = 88F390AD19D595C200169918 /* default-large-button-selected.png */; };
		88F3913919D595C200169918 /* default-large-button-selected@2x.png in Resources */ = {isa = PBXBuildFile; fileRef = 88F390AE19D595C200169918 /* default-large-button-selected@2x.png */; };
		88F3913A19D595C200169918 /* default-large-button.png in Resources */ = {isa = PBXBuildFile; fileRef = 88F390AF19D595C200169918 /* default-large-button.png */; };
		88F3913B19D595C200169918 /* default-large-button@2x.png in Resources */ = {isa = PBXBuildFile; fileRef = 88F390B019D595C200169918 /* default-large-button@2x.png */; };
		88F3913C19D595C200169918 /* default-lock-icon.png in Resources */ = {isa = PBXBuildFile; fileRef = 88F390B119D595C200169918 /* default-lock-icon.png */; };
		88F3913D19D595C200169918 /* default-lock-icon@2x.png in Resources */ = {isa = PBXBuildFile; fileRef = 88F390B219D595C200169918 /* default-lock-icon@2x.png */; };
		88F3913E19D595C200169918 /* default-mail-icon.png in Resources */ = {isa = PBXBuildFile; fileRef = 88F390B319D595C200169918 /* default-mail-icon.png */; };
		88F3913F19D595C200169918 /* default-mail-icon@2x.png in Resources */ = {isa = PBXBuildFile; fileRef = 88F390B419D595C200169918 /* default-mail-icon@2x.png */; };
		88F3914019D595C200169918 /* default-multiline-field.png in Resources */ = {isa = PBXBuildFile; fileRef = 88F390B519D595C200169918 /* default-multiline-field.png */; };
		88F3914119D595C200169918 /* default-multiline-field@2x.png in Resources */ = {isa = PBXBuildFile; fileRef = 88F390B619D595C200169918 /* default-multiline-field@2x.png */; };
		88F3914219D595C200169918 /* default-preview-assetlist.png in Resources */ = {isa = PBXBuildFile; fileRef = 88F390B719D595C200169918 /* default-preview-assetlist.png */; };
		88F3914319D595C200169918 /* default-preview-assetlist@2x.png in Resources */ = {isa = PBXBuildFile; fileRef = 88F390B819D595C200169918 /* default-preview-assetlist@2x.png */; };
		88F3914419D595C200169918 /* default-preview-ddlform.png in Resources */ = {isa = PBXBuildFile; fileRef = 88F390B919D595C200169918 /* default-preview-ddlform.png */; };
		88F3914519D595C200169918 /* default-preview-ddlform@2x.png in Resources */ = {isa = PBXBuildFile; fileRef = 88F390BA19D595C200169918 /* default-preview-ddlform@2x.png */; };
		88F3914619D595C200169918 /* default-preview-webcontent.png in Resources */ = {isa = PBXBuildFile; fileRef = 88F390BB19D595C200169918 /* default-preview-webcontent.png */; };
		88F3914719D595C200169918 /* default-preview-webcontent@2x.png in Resources */ = {isa = PBXBuildFile; fileRef = 88F390BC19D595C200169918 /* default-preview-webcontent@2x.png */; };
		88F3914819D595C200169918 /* default-user-icon.png in Resources */ = {isa = PBXBuildFile; fileRef = 88F390BD19D595C200169918 /* default-user-icon.png */; };
		88F3914919D595C200169918 /* default-user-icon@2x.png in Resources */ = {isa = PBXBuildFile; fileRef = 88F390BE19D595C200169918 /* default-user-icon@2x.png */; };
		88F3914D19D595C200169918 /* Flat7ThemeConstants.swift in Sources */ = {isa = PBXBuildFile; fileRef = 88F390C419D595C200169918 /* Flat7ThemeConstants.swift */; };
		88F3915219D595C200169918 /* flat7.strings in Resources */ = {isa = PBXBuildFile; fileRef = 88F390CC19D595C200169918 /* flat7.strings */; };
		88F3915319D595C200169918 /* flat7-button.png in Resources */ = {isa = PBXBuildFile; fileRef = 88F390CF19D595C200169918 /* flat7-button.png */; };
		88F3915419D595C200169918 /* flat7-button@2x.png in Resources */ = {isa = PBXBuildFile; fileRef = 88F390D019D595C200169918 /* flat7-button@2x.png */; };
		88F3915519D595C200169918 /* flat7-field.png in Resources */ = {isa = PBXBuildFile; fileRef = 88F390D119D595C200169918 /* flat7-field.png */; };
		88F3915619D595C200169918 /* flat7-field@2x.png in Resources */ = {isa = PBXBuildFile; fileRef = 88F390D219D595C200169918 /* flat7-field@2x.png */; };
/* End PBXBuildFile section */

/* Begin PBXFileReference section */
		01D782ECE4B14578B67EA5D0 /* libPods.a */ = {isa = PBXFileReference; explicitFileType = archive.ar; includeInIndex = 0; path = libPods.a; sourceTree = BUILT_PRODUCTS_DIR; };
		6CDED001B92C49429A1F0D49 /* Pods.xcconfig */ = {isa = PBXFileReference; includeInIndex = 1; lastKnownFileType = text.xcconfig; name = Pods.xcconfig; path = Pods/Pods.xcconfig; sourceTree = "<group>"; };
		8811DC3F19BDD0FA008FE226 /* WebContentViewController.swift */ = {isa = PBXFileReference; fileEncoding = 4; lastKnownFileType = sourcecode.swift; path = WebContentViewController.swift; sourceTree = "<group>"; };
		8845B84F19CC32560025D1D2 /* DDListViewController.swift */ = {isa = PBXFileReference; fileEncoding = 4; lastKnownFileType = sourcecode.swift; path = DDListViewController.swift; sourceTree = "<group>"; };
		885FD6821996E1DF00F23BA1 /* FormViewController.swift */ = {isa = PBXFileReference; fileEncoding = 4; lastKnownFileType = sourcecode.swift; path = FormViewController.swift; sourceTree = "<group>"; };
		8868AFC619656B0500FD5214 /* Liferay-iOS-Widgets-Swift-Sample.app */ = {isa = PBXFileReference; explicitFileType = wrapper.application; includeInIndex = 0; path = "Liferay-iOS-Widgets-Swift-Sample.app"; sourceTree = BUILT_PRODUCTS_DIR; };
		8868AFCA19656B0500FD5214 /* Info.plist */ = {isa = PBXFileReference; lastKnownFileType = text.plist.xml; path = Info.plist; sourceTree = "<group>"; };
		8868AFCB19656B0500FD5214 /* AppDelegate.swift */ = {isa = PBXFileReference; lastKnownFileType = sourcecode.swift; path = AppDelegate.swift; sourceTree = "<group>"; };
		8868AFCD19656B0500FD5214 /* ViewController.swift */ = {isa = PBXFileReference; lastKnownFileType = sourcecode.swift; path = ViewController.swift; sourceTree = "<group>"; };
		8868AFD019656B0500FD5214 /* Base */ = {isa = PBXFileReference; lastKnownFileType = file.storyboard; name = Base; path = Base.lproj/Main.storyboard; sourceTree = "<group>"; };
		8868AFD219656B0500FD5214 /* Images.xcassets */ = {isa = PBXFileReference; lastKnownFileType = folder.assetcatalog; path = Images.xcassets; sourceTree = "<group>"; };
		888F6205198FD3F20082786B /* SignUpViewController.swift */ = {isa = PBXFileReference; fileEncoding = 4; lastKnownFileType = sourcecode.swift; path = SignUpViewController.swift; sourceTree = "<group>"; };
		8890CDA919AE1CA50012B842 /* MobileCoreServices.framework */ = {isa = PBXFileReference; lastKnownFileType = wrapper.framework; name = MobileCoreServices.framework; path = System/Library/Frameworks/MobileCoreServices.framework; sourceTree = SDKROOT; };
		889558DE19C1E7FD00657AC7 /* AssetListViewController.swift */ = {isa = PBXFileReference; fileEncoding = 4; lastKnownFileType = sourcecode.swift; path = AssetListViewController.swift; sourceTree = "<group>"; };
		88C7ADDB19D96DF9008F1B19 /* BaseConnector.swift */ = {isa = PBXFileReference; fileEncoding = 4; lastKnownFileType = sourcecode.swift; path = BaseConnector.swift; sourceTree = "<group>"; };
		88C7ADE519D97048008F1B19 /* AuthBased.swift */ = {isa = PBXFileReference; fileEncoding = 4; lastKnownFileType = sourcecode.swift; path = AuthBased.swift; sourceTree = "<group>"; };
		88C7ADE719D97048008F1B19 /* ForgotPasswordView.swift */ = {isa = PBXFileReference; fileEncoding = 4; lastKnownFileType = sourcecode.swift; path = ForgotPasswordView.swift; sourceTree = "<group>"; };
		88C7ADE819D97048008F1B19 /* ForgotPasswordWidget.swift */ = {isa = PBXFileReference; fileEncoding = 4; lastKnownFileType = sourcecode.swift; path = ForgotPasswordWidget.swift; sourceTree = "<group>"; };
		88C7ADEC19D97048008F1B19 /* LiferayLoginBaseConnector.swift */ = {isa = PBXFileReference; fileEncoding = 4; lastKnownFileType = sourcecode.swift; path = LiferayLoginBaseConnector.swift; sourceTree = "<group>"; };
		88C7ADED19D97048008F1B19 /* LiferayLoginEmailConnector.swift */ = {isa = PBXFileReference; fileEncoding = 4; lastKnownFileType = sourcecode.swift; path = LiferayLoginEmailConnector.swift; sourceTree = "<group>"; };
		88C7ADEE19D97048008F1B19 /* LiferayLoginScreenNameConnector.swift */ = {isa = PBXFileReference; fileEncoding = 4; lastKnownFileType = sourcecode.swift; path = LiferayLoginScreenNameConnector.swift; sourceTree = "<group>"; };
		88C7ADEF19D97048008F1B19 /* LoginView.swift */ = {isa = PBXFileReference; fileEncoding = 4; lastKnownFileType = sourcecode.swift; path = LoginView.swift; sourceTree = "<group>"; };
		88C7ADF019D97048008F1B19 /* LoginWidget.swift */ = {isa = PBXFileReference; fileEncoding = 4; lastKnownFileType = sourcecode.swift; path = LoginWidget.swift; sourceTree = "<group>"; };
		88C7ADF119D97048008F1B19 /* LRSession+CredentialStore.swift */ = {isa = PBXFileReference; fileEncoding = 4; lastKnownFileType = sourcecode.swift; path = "LRSession+CredentialStore.swift"; sourceTree = "<group>"; };
		88C7ADF419D97048008F1B19 /* LiferaySignUpConnector.swift */ = {isa = PBXFileReference; fileEncoding = 4; lastKnownFileType = sourcecode.swift; path = LiferaySignUpConnector.swift; sourceTree = "<group>"; };
		88C7ADF519D97048008F1B19 /* SignUpView.swift */ = {isa = PBXFileReference; fileEncoding = 4; lastKnownFileType = sourcecode.swift; path = SignUpView.swift; sourceTree = "<group>"; };
		88C7ADF619D97048008F1B19 /* SignUpWidget.swift */ = {isa = PBXFileReference; fileEncoding = 4; lastKnownFileType = sourcecode.swift; path = SignUpWidget.swift; sourceTree = "<group>"; };
		88C7AE0619D972EB008F1B19 /* ForgotPasswordView_default.swift */ = {isa = PBXFileReference; fileEncoding = 4; lastKnownFileType = sourcecode.swift; path = ForgotPasswordView_default.swift; sourceTree = "<group>"; };
		88C7AE0719D972EB008F1B19 /* ForgotPasswordView_default.xib */ = {isa = PBXFileReference; fileEncoding = 4; lastKnownFileType = file.xib; path = ForgotPasswordView_default.xib; sourceTree = "<group>"; };
		88C7AE0919D972EB008F1B19 /* LoginView_default.swift */ = {isa = PBXFileReference; fileEncoding = 4; lastKnownFileType = sourcecode.swift; path = LoginView_default.swift; sourceTree = "<group>"; };
		88C7AE0A19D972EB008F1B19 /* LoginView_default.xib */ = {isa = PBXFileReference; fileEncoding = 4; lastKnownFileType = file.xib; path = LoginView_default.xib; sourceTree = "<group>"; };
		88C7AE0C19D972EB008F1B19 /* SignUpView_default.swift */ = {isa = PBXFileReference; fileEncoding = 4; lastKnownFileType = sourcecode.swift; path = SignUpView_default.swift; sourceTree = "<group>"; };
		88C7AE0D19D972EB008F1B19 /* SignUpView_default.xib */ = {isa = PBXFileReference; fileEncoding = 4; lastKnownFileType = file.xib; path = SignUpView_default.xib; sourceTree = "<group>"; };
		88C7AE1619D972FB008F1B19 /* ForgotPasswordView_flat7.swift */ = {isa = PBXFileReference; fileEncoding = 4; lastKnownFileType = sourcecode.swift; path = ForgotPasswordView_flat7.swift; sourceTree = "<group>"; };
		88C7AE1719D972FB008F1B19 /* ForgotPasswordView_flat7.xib */ = {isa = PBXFileReference; fileEncoding = 4; lastKnownFileType = file.xib; path = ForgotPasswordView_flat7.xib; sourceTree = "<group>"; };
		88C7AE1919D972FB008F1B19 /* LoginView_flat7.swift */ = {isa = PBXFileReference; fileEncoding = 4; lastKnownFileType = sourcecode.swift; path = LoginView_flat7.swift; sourceTree = "<group>"; };
		88C7AE1A19D972FB008F1B19 /* LoginView_flat7.xib */ = {isa = PBXFileReference; fileEncoding = 4; lastKnownFileType = file.xib; path = LoginView_flat7.xib; sourceTree = "<group>"; };
		88C7AE1C19D972FB008F1B19 /* SignUpView_flat7.swift */ = {isa = PBXFileReference; fileEncoding = 4; lastKnownFileType = sourcecode.swift; path = SignUpView_flat7.swift; sourceTree = "<group>"; };
		88C7AE1D19D972FB008F1B19 /* SignUpView_flat7.xib */ = {isa = PBXFileReference; fileEncoding = 4; lastKnownFileType = file.xib; path = SignUpView_flat7.xib; sourceTree = "<group>"; };
		88D2389F19D9942F00CE8DBC /* LiferayForgotPasswordBaseConnector.swift */ = {isa = PBXFileReference; fileEncoding = 4; lastKnownFileType = sourcecode.swift; path = LiferayForgotPasswordBaseConnector.swift; sourceTree = "<group>"; };
		88D238A119D9963000CE8DBC /* LiferayForgotPasswordEmailConnector.swift */ = {isa = PBXFileReference; fileEncoding = 4; lastKnownFileType = sourcecode.swift; path = LiferayForgotPasswordEmailConnector.swift; sourceTree = "<group>"; };
		88D238A219D9963000CE8DBC /* LiferayForgotPasswordScreenNameConnector.swift */ = {isa = PBXFileReference; fileEncoding = 4; lastKnownFileType = sourcecode.swift; path = LiferayForgotPasswordScreenNameConnector.swift; sourceTree = "<group>"; };
		88D238A519D997AC00CE8DBC /* LiferayForgotPasswordUserIdConnector.swift */ = {isa = PBXFileReference; fileEncoding = 4; lastKnownFileType = sourcecode.swift; path = LiferayForgotPasswordUserIdConnector.swift; sourceTree = "<group>"; };
		88D238A919D9AA0B00CE8DBC /* LiferayLoginUserIdConnector.swift */ = {isa = PBXFileReference; fileEncoding = 4; lastKnownFileType = sourcecode.swift; path = LiferayLoginUserIdConnector.swift; sourceTree = "<group>"; };
		88F3902A19D595B100169918 /* liferay-server-context.plist */ = {isa = PBXFileReference; fileEncoding = 4; lastKnownFileType = text.plist.xml; path = "liferay-server-context.plist"; sourceTree = "<group>"; };
		88F3902E19D595C200169918 /* WebContentView.swift */ = {isa = PBXFileReference; fileEncoding = 4; lastKnownFileType = sourcecode.swift; path = WebContentView.swift; sourceTree = "<group>"; };
		88F3902F19D595C200169918 /* WebContentWidget.swift */ = {isa = PBXFileReference; fileEncoding = 4; lastKnownFileType = sourcecode.swift; path = WebContentWidget.swift; sourceTree = "<group>"; };
		88F3903119D595C200169918 /* AssetListView.swift */ = {isa = PBXFileReference; fileEncoding = 4; lastKnownFileType = sourcecode.swift; path = AssetListView.swift; sourceTree = "<group>"; };
		88F3903219D595C200169918 /* AssetListWidget.swift */ = {isa = PBXFileReference; fileEncoding = 4; lastKnownFileType = sourcecode.swift; path = AssetListWidget.swift; sourceTree = "<group>"; };
		88F3903419D595C200169918 /* AssetListTableView.swift */ = {isa = PBXFileReference; fileEncoding = 4; lastKnownFileType = sourcecode.swift; path = AssetListTableView.swift; sourceTree = "<group>"; };
		88F3903719D595C200169918 /* BaseListView.swift */ = {isa = PBXFileReference; fileEncoding = 4; lastKnownFileType = sourcecode.swift; path = BaseListView.swift; sourceTree = "<group>"; };
		88F3903819D595C200169918 /* BaseListWidget.swift */ = {isa = PBXFileReference; fileEncoding = 4; lastKnownFileType = sourcecode.swift; path = BaseListWidget.swift; sourceTree = "<group>"; };
		88F3903A19D595C200169918 /* BaseListTableView.swift */ = {isa = PBXFileReference; fileEncoding = 4; lastKnownFileType = sourcecode.swift; path = BaseListTableView.swift; sourceTree = "<group>"; };
		88F3903B19D595C200169918 /* BaseWidget+progress.swift */ = {isa = PBXFileReference; fileEncoding = 4; lastKnownFileType = sourcecode.swift; path = "BaseWidget+progress.swift"; sourceTree = "<group>"; };
		88F3903C19D595C200169918 /* BaseWidget.swift */ = {isa = PBXFileReference; fileEncoding = 4; lastKnownFileType = sourcecode.swift; path = BaseWidget.swift; sourceTree = "<group>"; };
		88F3903D19D595C200169918 /* BaseWidgetView.swift */ = {isa = PBXFileReference; fileEncoding = 4; lastKnownFileType = sourcecode.swift; path = BaseWidgetView.swift; sourceTree = "<group>"; };
		88F3903E19D595C200169918 /* LiferayServerContext.swift */ = {isa = PBXFileReference; fileEncoding = 4; lastKnownFileType = sourcecode.swift; path = LiferayServerContext.swift; sourceTree = "<group>"; };
		88F3903F19D595C200169918 /* PaginationOperation.swift */ = {isa = PBXFileReference; fileEncoding = 4; lastKnownFileType = sourcecode.swift; path = PaginationOperation.swift; sourceTree = "<group>"; };
		88F3904019D595C200169918 /* SessionContext.swift */ = {isa = PBXFileReference; fileEncoding = 4; lastKnownFileType = sourcecode.swift; path = SessionContext.swift; sourceTree = "<group>"; };
		88F3904119D595C200169918 /* ThemeManager.swift */ = {isa = PBXFileReference; fileEncoding = 4; lastKnownFileType = sourcecode.swift; path = ThemeManager.swift; sourceTree = "<group>"; };
		88F3904319D595C200169918 /* DDLValuesParser.swift */ = {isa = PBXFileReference; fileEncoding = 4; lastKnownFileType = sourcecode.swift; path = DDLValuesParser.swift; sourceTree = "<group>"; };
		88F3904419D595C200169918 /* DDLXSDParser.swift */ = {isa = PBXFileReference; fileEncoding = 4; lastKnownFileType = sourcecode.swift; path = DDLXSDParser.swift; sourceTree = "<group>"; };
		88F3904619D595C200169918 /* DDLFormView.swift */ = {isa = PBXFileReference; fileEncoding = 4; lastKnownFileType = sourcecode.swift; path = DDLFormView.swift; sourceTree = "<group>"; };
		88F3904719D595C200169918 /* DDLFormWidget.swift */ = {isa = PBXFileReference; fileEncoding = 4; lastKnownFileType = sourcecode.swift; path = DDLFormWidget.swift; sourceTree = "<group>"; };
		88F3904919D595C200169918 /* DDLFieldTableCell.swift */ = {isa = PBXFileReference; fileEncoding = 4; lastKnownFileType = sourcecode.swift; path = DDLFieldTableCell.swift; sourceTree = "<group>"; };
		88F3904A19D595C200169918 /* DDLFormTableView.swift */ = {isa = PBXFileReference; fileEncoding = 4; lastKnownFileType = sourcecode.swift; path = DDLFormTableView.swift; sourceTree = "<group>"; };
		88F3904C19D595C200169918 /* DDLListView.swift */ = {isa = PBXFileReference; fileEncoding = 4; lastKnownFileType = sourcecode.swift; path = DDLListView.swift; sourceTree = "<group>"; };
		88F3904D19D595C200169918 /* DDLListWidget.swift */ = {isa = PBXFileReference; fileEncoding = 4; lastKnownFileType = sourcecode.swift; path = DDLListWidget.swift; sourceTree = "<group>"; };
		88F3904F19D595C200169918 /* DDLField+DataType.swift */ = {isa = PBXFileReference; fileEncoding = 4; lastKnownFileType = sourcecode.swift; path = "DDLField+DataType.swift"; sourceTree = "<group>"; };
		88F3905019D595C200169918 /* DDLField+Editor.swift */ = {isa = PBXFileReference; fileEncoding = 4; lastKnownFileType = sourcecode.swift; path = "DDLField+Editor.swift"; sourceTree = "<group>"; };
		88F3905119D595C200169918 /* DDLField.swift */ = {isa = PBXFileReference; fileEncoding = 4; lastKnownFileType = sourcecode.swift; path = DDLField.swift; sourceTree = "<group>"; };
		88F3905219D595C200169918 /* DDLFieldBoolean.swift */ = {isa = PBXFileReference; fileEncoding = 4; lastKnownFileType = sourcecode.swift; path = DDLFieldBoolean.swift; sourceTree = "<group>"; };
		88F3905319D595C200169918 /* DDLFieldDate.swift */ = {isa = PBXFileReference; fileEncoding = 4; lastKnownFileType = sourcecode.swift; path = DDLFieldDate.swift; sourceTree = "<group>"; };
		88F3905419D595C200169918 /* DDLFieldDocument.swift */ = {isa = PBXFileReference; fileEncoding = 4; lastKnownFileType = sourcecode.swift; path = DDLFieldDocument.swift; sourceTree = "<group>"; };
		88F3905519D595C200169918 /* DDLFieldNumber.swift */ = {isa = PBXFileReference; fileEncoding = 4; lastKnownFileType = sourcecode.swift; path = DDLFieldNumber.swift; sourceTree = "<group>"; };
		88F3905619D595C200169918 /* DDLFieldString.swift */ = {isa = PBXFileReference; fileEncoding = 4; lastKnownFileType = sourcecode.swift; path = DDLFieldString.swift; sourceTree = "<group>"; };
		88F3905719D595C200169918 /* DDLFieldStringWithOptions.swift */ = {isa = PBXFileReference; fileEncoding = 4; lastKnownFileType = sourcecode.swift; path = DDLFieldStringWithOptions.swift; sourceTree = "<group>"; };
		88F3905819D595C200169918 /* DDLFieldUntyped.swift */ = {isa = PBXFileReference; fileEncoding = 4; lastKnownFileType = sourcecode.swift; path = DDLFieldUntyped.swift; sourceTree = "<group>"; };
		88F3905919D595C200169918 /* DDLRecord.swift */ = {isa = PBXFileReference; fileEncoding = 4; lastKnownFileType = sourcecode.swift; path = DDLRecord.swift; sourceTree = "<group>"; };
		88F3905B19D595C200169918 /* Bool+Conversion.swift */ = {isa = PBXFileReference; fileEncoding = 4; lastKnownFileType = sourcecode.swift; path = "Bool+Conversion.swift"; sourceTree = "<group>"; };
		88F3905C19D595C200169918 /* Global.swift */ = {isa = PBXFileReference; fileEncoding = 4; lastKnownFileType = sourcecode.swift; path = Global.swift; sourceTree = "<group>"; };
		88F3905E19D595C200169918 /* NSLocale+CurrentLocale.swift */ = {isa = PBXFileReference; fileEncoding = 4; lastKnownFileType = sourcecode.swift; path = "NSLocale+CurrentLocale.swift"; sourceTree = "<group>"; };
		88F3906119D595C200169918 /* UIView+Animations.swift */ = {isa = PBXFileReference; fileEncoding = 4; lastKnownFileType = sourcecode.swift; path = "UIView+Animations.swift"; sourceTree = "<group>"; };
		88F3906519D595C200169918 /* liferay-ios-widgets.h */ = {isa = PBXFileReference; fileEncoding = 4; lastKnownFileType = sourcecode.c.h; path = "liferay-ios-widgets.h"; sourceTree = "<group>"; };
		88F3906619D595C200169918 /* liferay-server-context-sample.plist */ = {isa = PBXFileReference; fileEncoding = 4; lastKnownFileType = text.plist.xml; path = "liferay-server-context-sample.plist"; sourceTree = "<group>"; };
		88F3906D19D595C200169918 /* LRMobilewidgetsassetentryService_v62.h */ = {isa = PBXFileReference; fileEncoding = 4; lastKnownFileType = sourcecode.c.h; path = LRMobilewidgetsassetentryService_v62.h; sourceTree = "<group>"; };
		88F3906E19D595C200169918 /* LRMobilewidgetsassetentryService_v62.m */ = {isa = PBXFileReference; fileEncoding = 4; lastKnownFileType = sourcecode.c.objc; path = LRMobilewidgetsassetentryService_v62.m; sourceTree = "<group>"; };
		88F3906F19D595C200169918 /* LRMobilewidgetsddlrecordService_v62.h */ = {isa = PBXFileReference; fileEncoding = 4; lastKnownFileType = sourcecode.c.h; path = LRMobilewidgetsddlrecordService_v62.h; sourceTree = "<group>"; };
		88F3907019D595C200169918 /* LRMobilewidgetsddlrecordService_v62.m */ = {isa = PBXFileReference; fileEncoding = 4; lastKnownFileType = sourcecode.c.objc; path = LRMobilewidgetsddlrecordService_v62.m; sourceTree = "<group>"; };
		88F3907119D595C200169918 /* LRMobilewidgetsuserService_v62.h */ = {isa = PBXFileReference; fileEncoding = 4; lastKnownFileType = sourcecode.c.h; path = LRMobilewidgetsuserService_v62.h; sourceTree = "<group>"; };
		88F3907219D595C200169918 /* LRMobilewidgetsuserService_v62.m */ = {isa = PBXFileReference; fileEncoding = 4; lastKnownFileType = sourcecode.c.objc; path = LRMobilewidgetsuserService_v62.m; sourceTree = "<group>"; };
		88F3907919D595C200169918 /* WebContentView_default.swift */ = {isa = PBXFileReference; fileEncoding = 4; lastKnownFileType = sourcecode.swift; path = WebContentView_default.swift; sourceTree = "<group>"; };
		88F3907A19D595C200169918 /* WebContentView_default.xib */ = {isa = PBXFileReference; fileEncoding = 4; lastKnownFileType = file.xib; path = WebContentView_default.xib; sourceTree = "<group>"; };
		88F3907C19D595C200169918 /* AssetListView_default.swift */ = {isa = PBXFileReference; fileEncoding = 4; lastKnownFileType = sourcecode.swift; path = AssetListView_default.swift; sourceTree = "<group>"; };
		88F3907D19D595C200169918 /* AssetListView_default.xib */ = {isa = PBXFileReference; fileEncoding = 4; lastKnownFileType = file.xib; path = AssetListView_default.xib; sourceTree = "<group>"; };
		88F3908019D595C200169918 /* DDLBaseFieldTextFieldTableCell_default.swift */ = {isa = PBXFileReference; fileEncoding = 4; lastKnownFileType = sourcecode.swift; path = DDLBaseFieldTextFieldTableCell_default.swift; sourceTree = "<group>"; };
		88F3908119D595C200169918 /* DDLFieldCheckboxTableCell_default.swift */ = {isa = PBXFileReference; fileEncoding = 4; lastKnownFileType = sourcecode.swift; path = DDLFieldCheckboxTableCell_default.swift; sourceTree = "<group>"; };
		88F3908219D595C200169918 /* DDLFieldCheckboxTableCell_default.xib */ = {isa = PBXFileReference; fileEncoding = 4; lastKnownFileType = file.xib; path = DDLFieldCheckboxTableCell_default.xib; sourceTree = "<group>"; };
		88F3908319D595C200169918 /* DDLFieldDateTableCell_default.swift */ = {isa = PBXFileReference; fileEncoding = 4; lastKnownFileType = sourcecode.swift; path = DDLFieldDateTableCell_default.swift; sourceTree = "<group>"; };
		88F3908419D595C200169918 /* DDLFieldDateTableCell_default.xib */ = {isa = PBXFileReference; fileEncoding = 4; lastKnownFileType = file.xib; path = DDLFieldDateTableCell_default.xib; sourceTree = "<group>"; };
		88F3908519D595C200169918 /* DDLFieldDocumentlibraryPresenterViewController_default.swift */ = {isa = PBXFileReference; fileEncoding = 4; lastKnownFileType = sourcecode.swift; path = DDLFieldDocumentlibraryPresenterViewController_default.swift; sourceTree = "<group>"; };
		88F3908619D595C200169918 /* DDLFieldDocumentlibraryPresenterViewController_default.xib */ = {isa = PBXFileReference; fileEncoding = 4; lastKnownFileType = file.xib; path = DDLFieldDocumentlibraryPresenterViewController_default.xib; sourceTree = "<group>"; };
		88F3908719D595C200169918 /* DDLFieldDocumentlibraryTableCell_default.swift */ = {isa = PBXFileReference; fileEncoding = 4; lastKnownFileType = sourcecode.swift; path = DDLFieldDocumentlibraryTableCell_default.swift; sourceTree = "<group>"; };
		88F3908819D595C200169918 /* DDLFieldDocumentlibraryTableCell_default.xib */ = {isa = PBXFileReference; fileEncoding = 4; lastKnownFileType = file.xib; path = DDLFieldDocumentlibraryTableCell_default.xib; sourceTree = "<group>"; };
		88F3908919D595C200169918 /* DDLFieldNumberTableCell_default.swift */ = {isa = PBXFileReference; fileEncoding = 4; lastKnownFileType = sourcecode.swift; path = DDLFieldNumberTableCell_default.swift; sourceTree = "<group>"; };
		88F3908A19D595C200169918 /* DDLFieldNumberTableCell_default.xib */ = {isa = PBXFileReference; fileEncoding = 4; lastKnownFileType = file.xib; path = DDLFieldNumberTableCell_default.xib; sourceTree = "<group>"; };
		88F3908B19D595C200169918 /* DDLFieldRadioTableCell_default.swift */ = {isa = PBXFileReference; fileEncoding = 4; lastKnownFileType = sourcecode.swift; path = DDLFieldRadioTableCell_default.swift; sourceTree = "<group>"; };
		88F3908C19D595C200169918 /* DDLFieldRadioTableCell_default.xib */ = {isa = PBXFileReference; fileEncoding = 4; lastKnownFileType = file.xib; path = DDLFieldRadioTableCell_default.xib; sourceTree = "<group>"; };
		88F3908D19D595C200169918 /* DDLFieldSelectTableCell_default.swift */ = {isa = PBXFileReference; fileEncoding = 4; lastKnownFileType = sourcecode.swift; path = DDLFieldSelectTableCell_default.swift; sourceTree = "<group>"; };
		88F3908E19D595C200169918 /* DDLFieldSelectTableCell_default.xib */ = {isa = PBXFileReference; fileEncoding = 4; lastKnownFileType = file.xib; path = DDLFieldSelectTableCell_default.xib; sourceTree = "<group>"; };
		88F3908F19D595C200169918 /* DDLFieldTextareaTableCell_default.swift */ = {isa = PBXFileReference; fileEncoding = 4; lastKnownFileType = sourcecode.swift; path = DDLFieldTextareaTableCell_default.swift; sourceTree = "<group>"; };
		88F3909019D595C200169918 /* DDLFieldTextareaTableCell_default.xib */ = {isa = PBXFileReference; fileEncoding = 4; lastKnownFileType = file.xib; path = DDLFieldTextareaTableCell_default.xib; sourceTree = "<group>"; };
		88F3909119D595C200169918 /* DDLFieldTextTableCell_default.swift */ = {isa = PBXFileReference; fileEncoding = 4; lastKnownFileType = sourcecode.swift; path = DDLFieldTextTableCell_default.swift; sourceTree = "<group>"; };
		88F3909219D595C200169918 /* DDLFieldTextTableCell_default.xib */ = {isa = PBXFileReference; fileEncoding = 4; lastKnownFileType = file.xib; path = DDLFieldTextTableCell_default.xib; sourceTree = "<group>"; };
		88F3909319D595C200169918 /* DDLFormDefaultThemeConstants.swift */ = {isa = PBXFileReference; fileEncoding = 4; lastKnownFileType = sourcecode.swift; path = DDLFormDefaultThemeConstants.swift; sourceTree = "<group>"; };
		88F3909419D595C200169918 /* DDLFormView_default.swift */ = {isa = PBXFileReference; fileEncoding = 4; lastKnownFileType = sourcecode.swift; path = DDLFormView_default.swift; sourceTree = "<group>"; };
		88F3909519D595C200169918 /* DDLFormView_default.xib */ = {isa = PBXFileReference; fileEncoding = 4; lastKnownFileType = file.xib; path = DDLFormView_default.xib; sourceTree = "<group>"; };
		88F3909619D595C200169918 /* DDLSubmitButtonTableCell_default.swift */ = {isa = PBXFileReference; fileEncoding = 4; lastKnownFileType = sourcecode.swift; path = DDLSubmitButtonTableCell_default.swift; sourceTree = "<group>"; };
		88F3909719D595C200169918 /* DDLSubmitButtonTableCell_default.xib */ = {isa = PBXFileReference; fileEncoding = 4; lastKnownFileType = file.xib; path = DDLSubmitButtonTableCell_default.xib; sourceTree = "<group>"; };
		88F3909919D595C200169918 /* DDLListView_default.swift */ = {isa = PBXFileReference; fileEncoding = 4; lastKnownFileType = sourcecode.swift; path = DDLListView_default.swift; sourceTree = "<group>"; };
		88F3909A19D595C200169918 /* DDLListView_default.xib */ = {isa = PBXFileReference; fileEncoding = 4; lastKnownFileType = file.xib; path = DDLListView_default.xib; sourceTree = "<group>"; };
		88F3909B19D595C200169918 /* DefaultThemeConstants.swift */ = {isa = PBXFileReference; fileEncoding = 4; lastKnownFileType = sourcecode.swift; path = DefaultThemeConstants.swift; sourceTree = "<group>"; };
		88F390A319D595C200169918 /* default-calendar.png */ = {isa = PBXFileReference; lastKnownFileType = image.png; path = "default-calendar.png"; sourceTree = "<group>"; };
		88F390A419D595C200169918 /* default-calendar@2x.png */ = {isa = PBXFileReference; lastKnownFileType = image.png; path = "default-calendar@2x.png"; sourceTree = "<group>"; };
		88F390A519D595C200169918 /* default-field-failed.png */ = {isa = PBXFileReference; lastKnownFileType = image.png; path = "default-field-failed.png"; sourceTree = "<group>"; };
		88F390A619D595C200169918 /* default-field-failed@2x.png */ = {isa = PBXFileReference; lastKnownFileType = image.png; path = "default-field-failed@2x.png"; sourceTree = "<group>"; };
		88F390A719D595C200169918 /* default-field-focused.png */ = {isa = PBXFileReference; lastKnownFileType = image.png; path = "default-field-focused.png"; sourceTree = "<group>"; };
		88F390A819D595C200169918 /* default-field-focused@2x.png */ = {isa = PBXFileReference; lastKnownFileType = image.png; path = "default-field-focused@2x.png"; sourceTree = "<group>"; };
		88F390A919D595C200169918 /* default-field.png */ = {isa = PBXFileReference; lastKnownFileType = image.png; path = "default-field.png"; sourceTree = "<group>"; };
		88F390AA19D595C200169918 /* default-field@2x.png */ = {isa = PBXFileReference; lastKnownFileType = image.png; path = "default-field@2x.png"; sourceTree = "<group>"; };
		88F390AB19D595C200169918 /* default-hourglass.png */ = {isa = PBXFileReference; lastKnownFileType = image.png; path = "default-hourglass.png"; sourceTree = "<group>"; };
		88F390AC19D595C200169918 /* default-hourglass@2x.png */ = {isa = PBXFileReference; lastKnownFileType = image.png; path = "default-hourglass@2x.png"; sourceTree = "<group>"; };
		88F390AD19D595C200169918 /* default-large-button-selected.png */ = {isa = PBXFileReference; lastKnownFileType = image.png; path = "default-large-button-selected.png"; sourceTree = "<group>"; };
		88F390AE19D595C200169918 /* default-large-button-selected@2x.png */ = {isa = PBXFileReference; lastKnownFileType = image.png; path = "default-large-button-selected@2x.png"; sourceTree = "<group>"; };
		88F390AF19D595C200169918 /* default-large-button.png */ = {isa = PBXFileReference; lastKnownFileType = image.png; path = "default-large-button.png"; sourceTree = "<group>"; };
		88F390B019D595C200169918 /* default-large-button@2x.png */ = {isa = PBXFileReference; lastKnownFileType = image.png; path = "default-large-button@2x.png"; sourceTree = "<group>"; };
		88F390B119D595C200169918 /* default-lock-icon.png */ = {isa = PBXFileReference; lastKnownFileType = image.png; path = "default-lock-icon.png"; sourceTree = "<group>"; };
		88F390B219D595C200169918 /* default-lock-icon@2x.png */ = {isa = PBXFileReference; lastKnownFileType = image.png; path = "default-lock-icon@2x.png"; sourceTree = "<group>"; };
		88F390B319D595C200169918 /* default-mail-icon.png */ = {isa = PBXFileReference; lastKnownFileType = image.png; path = "default-mail-icon.png"; sourceTree = "<group>"; };
		88F390B419D595C200169918 /* default-mail-icon@2x.png */ = {isa = PBXFileReference; lastKnownFileType = image.png; path = "default-mail-icon@2x.png"; sourceTree = "<group>"; };
		88F390B519D595C200169918 /* default-multiline-field.png */ = {isa = PBXFileReference; lastKnownFileType = image.png; path = "default-multiline-field.png"; sourceTree = "<group>"; };
		88F390B619D595C200169918 /* default-multiline-field@2x.png */ = {isa = PBXFileReference; lastKnownFileType = image.png; path = "default-multiline-field@2x.png"; sourceTree = "<group>"; };
		88F390B719D595C200169918 /* default-preview-assetlist.png */ = {isa = PBXFileReference; lastKnownFileType = image.png; path = "default-preview-assetlist.png"; sourceTree = "<group>"; };
		88F390B819D595C200169918 /* default-preview-assetlist@2x.png */ = {isa = PBXFileReference; lastKnownFileType = image.png; path = "default-preview-assetlist@2x.png"; sourceTree = "<group>"; };
		88F390B919D595C200169918 /* default-preview-ddlform.png */ = {isa = PBXFileReference; lastKnownFileType = image.png; path = "default-preview-ddlform.png"; sourceTree = "<group>"; };
		88F390BA19D595C200169918 /* default-preview-ddlform@2x.png */ = {isa = PBXFileReference; lastKnownFileType = image.png; path = "default-preview-ddlform@2x.png"; sourceTree = "<group>"; };
		88F390BB19D595C200169918 /* default-preview-webcontent.png */ = {isa = PBXFileReference; lastKnownFileType = image.png; path = "default-preview-webcontent.png"; sourceTree = "<group>"; };
		88F390BC19D595C200169918 /* default-preview-webcontent@2x.png */ = {isa = PBXFileReference; lastKnownFileType = image.png; path = "default-preview-webcontent@2x.png"; sourceTree = "<group>"; };
		88F390BD19D595C200169918 /* default-user-icon.png */ = {isa = PBXFileReference; lastKnownFileType = image.png; path = "default-user-icon.png"; sourceTree = "<group>"; };
		88F390BE19D595C200169918 /* default-user-icon@2x.png */ = {isa = PBXFileReference; lastKnownFileType = image.png; path = "default-user-icon@2x.png"; sourceTree = "<group>"; };
		88F390C419D595C200169918 /* Flat7ThemeConstants.swift */ = {isa = PBXFileReference; fileEncoding = 4; lastKnownFileType = sourcecode.swift; path = Flat7ThemeConstants.swift; sourceTree = "<group>"; };
		88F390CD19D595C200169918 /* en */ = {isa = PBXFileReference; lastKnownFileType = text.plist.strings; name = en; path = en.lproj/flat7.strings; sourceTree = "<group>"; };
		88F390CE19D595C200169918 /* es */ = {isa = PBXFileReference; lastKnownFileType = text.plist.strings; name = es; path = es.lproj/flat7.strings; sourceTree = "<group>"; };
		88F390CF19D595C200169918 /* flat7-button.png */ = {isa = PBXFileReference; lastKnownFileType = image.png; path = "flat7-button.png"; sourceTree = "<group>"; };
		88F390D019D595C200169918 /* flat7-button@2x.png */ = {isa = PBXFileReference; lastKnownFileType = image.png; path = "flat7-button@2x.png"; sourceTree = "<group>"; };
		88F390D119D595C200169918 /* flat7-field.png */ = {isa = PBXFileReference; lastKnownFileType = image.png; path = "flat7-field.png"; sourceTree = "<group>"; };
		88F390D219D595C200169918 /* flat7-field@2x.png */ = {isa = PBXFileReference; lastKnownFileType = image.png; path = "flat7-field@2x.png"; sourceTree = "<group>"; };
/* End PBXFileReference section */

/* Begin PBXFrameworksBuildPhase section */
		8868AFC319656B0500FD5214 /* Frameworks */ = {
			isa = PBXFrameworksBuildPhase;
			buildActionMask = 2147483647;
			files = (
				8890CDAA19AE1CA50012B842 /* MobileCoreServices.framework in Frameworks */,
				171724ED3A0843AB9AC1B25E /* libPods.a in Frameworks */,
			);
			runOnlyForDeploymentPostprocessing = 0;
		};
/* End PBXFrameworksBuildPhase section */

/* Begin PBXGroup section */
		8835607A196AED0E002AB222 /* Liferay-Widget-Library */ = {
			isa = PBXGroup;
			children = (
				88F3902C19D595C200169918 /* Source */,
				88F3907619D595C200169918 /* Themes */,
			);
			name = "Liferay-Widget-Library";
			sourceTree = "<group>";
		};
		8868AFBD19656B0500FD5214 = {
			isa = PBXGroup;
			children = (
				8835607A196AED0E002AB222 /* Liferay-Widget-Library */,
				8868AFC819656B0500FD5214 /* Sample app */,
				8868AFC719656B0500FD5214 /* Products */,
				6CDED001B92C49429A1F0D49 /* Pods.xcconfig */,
				F05CF7C2287C4AE6A3C1F243 /* Frameworks */,
			);
			sourceTree = "<group>";
		};
		8868AFC719656B0500FD5214 /* Products */ = {
			isa = PBXGroup;
			children = (
				8868AFC619656B0500FD5214 /* Liferay-iOS-Widgets-Swift-Sample.app */,
			);
			name = Products;
			sourceTree = "<group>";
		};
		8868AFC819656B0500FD5214 /* Sample app */ = {
			isa = PBXGroup;
			children = (
				88F3902A19D595B100169918 /* liferay-server-context.plist */,
				8868AFCB19656B0500FD5214 /* AppDelegate.swift */,
				889558DE19C1E7FD00657AC7 /* AssetListViewController.swift */,
				885FD6821996E1DF00F23BA1 /* FormViewController.swift */,
				8868AFD219656B0500FD5214 /* Images.xcassets */,
				8868AFCF19656B0500FD5214 /* Main.storyboard */,
				888F6205198FD3F20082786B /* SignUpViewController.swift */,
				8868AFC919656B0500FD5214 /* Supporting Files */,
				8868AFCD19656B0500FD5214 /* ViewController.swift */,
				8811DC3F19BDD0FA008FE226 /* WebContentViewController.swift */,
				8845B84F19CC32560025D1D2 /* DDListViewController.swift */,
			);
			name = "Sample app";
			path = "Liferay-iOS-Widgets-Swift-Sample";
			sourceTree = "<group>";
		};
		8868AFC919656B0500FD5214 /* Supporting Files */ = {
			isa = PBXGroup;
			children = (
				8868AFCA19656B0500FD5214 /* Info.plist */,
			);
			name = "Supporting Files";
			sourceTree = "<group>";
		};
		88C7ADE419D97048008F1B19 /* Auth */ = {
			isa = PBXGroup;
			children = (
				88C7ADE519D97048008F1B19 /* AuthBased.swift */,
				88C7ADE619D97048008F1B19 /* ForgotPasswordWidget */,
				88C7ADEA19D97048008F1B19 /* LoginWidget */,
				88C7ADF119D97048008F1B19 /* LRSession+CredentialStore.swift */,
				88C7ADF219D97048008F1B19 /* SignUpWidget */,
			);
			path = Auth;
			sourceTree = "<group>";
		};
		88C7ADE619D97048008F1B19 /* ForgotPasswordWidget */ = {
			isa = PBXGroup;
			children = (
				88D2389E19D9942F00CE8DBC /* Connectors */,
				88C7ADE719D97048008F1B19 /* ForgotPasswordView.swift */,
				88C7ADE819D97048008F1B19 /* ForgotPasswordWidget.swift */,
			);
			path = ForgotPasswordWidget;
			sourceTree = "<group>";
		};
		88C7ADEA19D97048008F1B19 /* LoginWidget */ = {
			isa = PBXGroup;
			children = (
				88C7ADEB19D97048008F1B19 /* Connectors */,
				88C7ADEF19D97048008F1B19 /* LoginView.swift */,
				88C7ADF019D97048008F1B19 /* LoginWidget.swift */,
			);
			path = LoginWidget;
			sourceTree = "<group>";
		};
		88C7ADEB19D97048008F1B19 /* Connectors */ = {
			isa = PBXGroup;
			children = (
				88C7ADEC19D97048008F1B19 /* LiferayLoginBaseConnector.swift */,
				88C7ADED19D97048008F1B19 /* LiferayLoginEmailConnector.swift */,
				88C7ADEE19D97048008F1B19 /* LiferayLoginScreenNameConnector.swift */,
				88D238A919D9AA0B00CE8DBC /* LiferayLoginUserIdConnector.swift */,
			);
			path = Connectors;
			sourceTree = "<group>";
		};
		88C7ADF219D97048008F1B19 /* SignUpWidget */ = {
			isa = PBXGroup;
			children = (
				88C7ADF319D97048008F1B19 /* Connectors */,
				88C7ADF519D97048008F1B19 /* SignUpView.swift */,
				88C7ADF619D97048008F1B19 /* SignUpWidget.swift */,
			);
			path = SignUpWidget;
			sourceTree = "<group>";
		};
		88C7ADF319D97048008F1B19 /* Connectors */ = {
			isa = PBXGroup;
			children = (
				88C7ADF419D97048008F1B19 /* LiferaySignUpConnector.swift */,
			);
			path = Connectors;
			sourceTree = "<group>";
		};
		88C7AE0419D972EB008F1B19 /* Auth */ = {
			isa = PBXGroup;
			children = (
				88C7AE0519D972EB008F1B19 /* ForgotPasswordWidget */,
				88C7AE0819D972EB008F1B19 /* LoginWidget */,
				88C7AE0B19D972EB008F1B19 /* SignUpWidget */,
			);
			path = Auth;
			sourceTree = "<group>";
		};
		88C7AE0519D972EB008F1B19 /* ForgotPasswordWidget */ = {
			isa = PBXGroup;
			children = (
				88C7AE0619D972EB008F1B19 /* ForgotPasswordView_default.swift */,
				88C7AE0719D972EB008F1B19 /* ForgotPasswordView_default.xib */,
			);
			path = ForgotPasswordWidget;
			sourceTree = "<group>";
		};
		88C7AE0819D972EB008F1B19 /* LoginWidget */ = {
			isa = PBXGroup;
			children = (
				88C7AE0919D972EB008F1B19 /* LoginView_default.swift */,
				88C7AE0A19D972EB008F1B19 /* LoginView_default.xib */,
			);
			path = LoginWidget;
			sourceTree = "<group>";
		};
		88C7AE0B19D972EB008F1B19 /* SignUpWidget */ = {
			isa = PBXGroup;
			children = (
				88C7AE0C19D972EB008F1B19 /* SignUpView_default.swift */,
				88C7AE0D19D972EB008F1B19 /* SignUpView_default.xib */,
			);
			path = SignUpWidget;
			sourceTree = "<group>";
		};
		88C7AE1419D972FB008F1B19 /* Auth */ = {
			isa = PBXGroup;
			children = (
				88C7AE1519D972FB008F1B19 /* ForgotPasswordWidget */,
				88C7AE1819D972FB008F1B19 /* LoginWidget */,
				88C7AE1B19D972FB008F1B19 /* SignUpWidget */,
			);
			path = Auth;
			sourceTree = "<group>";
		};
		88C7AE1519D972FB008F1B19 /* ForgotPasswordWidget */ = {
			isa = PBXGroup;
			children = (
				88C7AE1619D972FB008F1B19 /* ForgotPasswordView_flat7.swift */,
				88C7AE1719D972FB008F1B19 /* ForgotPasswordView_flat7.xib */,
			);
			path = ForgotPasswordWidget;
			sourceTree = "<group>";
		};
		88C7AE1819D972FB008F1B19 /* LoginWidget */ = {
			isa = PBXGroup;
			children = (
				88C7AE1919D972FB008F1B19 /* LoginView_flat7.swift */,
				88C7AE1A19D972FB008F1B19 /* LoginView_flat7.xib */,
			);
			path = LoginWidget;
			sourceTree = "<group>";
		};
		88C7AE1B19D972FB008F1B19 /* SignUpWidget */ = {
			isa = PBXGroup;
			children = (
				88C7AE1C19D972FB008F1B19 /* SignUpView_flat7.swift */,
				88C7AE1D19D972FB008F1B19 /* SignUpView_flat7.xib */,
			);
			path = SignUpWidget;
			sourceTree = "<group>";
		};
		88D2389E19D9942F00CE8DBC /* Connectors */ = {
			isa = PBXGroup;
			children = (
				88D2389F19D9942F00CE8DBC /* LiferayForgotPasswordBaseConnector.swift */,
				88D238A119D9963000CE8DBC /* LiferayForgotPasswordEmailConnector.swift */,
				88D238A219D9963000CE8DBC /* LiferayForgotPasswordScreenNameConnector.swift */,
				88D238A519D997AC00CE8DBC /* LiferayForgotPasswordUserIdConnector.swift */,
			);
			path = Connectors;
			sourceTree = "<group>";
		};
		88F3902C19D595C200169918 /* Source */ = {
			isa = PBXGroup;
			children = (
				88F3902D19D595C200169918 /* AssetDisplay */,
				88F3903019D595C200169918 /* AssetList */,
				88C7ADE419D97048008F1B19 /* Auth */,
				88F3903519D595C200169918 /* Base */,
				88F3904219D595C200169918 /* DDL */,
				88F3905A19D595C200169918 /* Extensions */,
				88F3906519D595C200169918 /* liferay-ios-widgets.h */,
				88F3906619D595C200169918 /* liferay-server-context-sample.plist */,
				88F3906C19D595C200169918 /* Services */,
			);
			name = Source;
			path = ../../Library/Source;
			sourceTree = "<group>";
		};
		88F3902D19D595C200169918 /* AssetDisplay */ = {
			isa = PBXGroup;
			children = (
				88F3902E19D595C200169918 /* WebContentView.swift */,
				88F3902F19D595C200169918 /* WebContentWidget.swift */,
			);
			path = AssetDisplay;
			sourceTree = "<group>";
		};
		88F3903019D595C200169918 /* AssetList */ = {
			isa = PBXGroup;
			children = (
				88F3903119D595C200169918 /* AssetListView.swift */,
				88F3903219D595C200169918 /* AssetListWidget.swift */,
				88F3903319D595C200169918 /* TableView */,
			);
			path = AssetList;
			sourceTree = "<group>";
		};
		88F3903319D595C200169918 /* TableView */ = {
			isa = PBXGroup;
			children = (
				88F3903419D595C200169918 /* AssetListTableView.swift */,
			);
			path = TableView;
			sourceTree = "<group>";
		};
		88F3903519D595C200169918 /* Base */ = {
			isa = PBXGroup;
			children = (
				88C7ADDB19D96DF9008F1B19 /* BaseConnector.swift */,
				88F3903619D595C200169918 /* BaseListWidget */,
				88F3903C19D595C200169918 /* BaseWidget.swift */,
				88F3903B19D595C200169918 /* BaseWidget+progress.swift */,
				88F3903D19D595C200169918 /* BaseWidgetView.swift */,
				88F3903E19D595C200169918 /* LiferayServerContext.swift */,
				88F3903F19D595C200169918 /* PaginationOperation.swift */,
				88F3904019D595C200169918 /* SessionContext.swift */,
				88F3904119D595C200169918 /* ThemeManager.swift */,
			);
			path = Base;
			sourceTree = "<group>";
		};
		88F3903619D595C200169918 /* BaseListWidget */ = {
			isa = PBXGroup;
			children = (
				88F3903719D595C200169918 /* BaseListView.swift */,
				88F3903819D595C200169918 /* BaseListWidget.swift */,
				88F3903919D595C200169918 /* TableView */,
			);
			path = BaseListWidget;
			sourceTree = "<group>";
		};
		88F3903919D595C200169918 /* TableView */ = {
			isa = PBXGroup;
			children = (
				88F3903A19D595C200169918 /* BaseListTableView.swift */,
			);
			path = TableView;
			sourceTree = "<group>";
		};
		88F3904219D595C200169918 /* DDL */ = {
			isa = PBXGroup;
			children = (
				88F3904319D595C200169918 /* DDLValuesParser.swift */,
				88F3904419D595C200169918 /* DDLXSDParser.swift */,
				88F3904519D595C200169918 /* FormWidget */,
				88F3904B19D595C200169918 /* ListWidget */,
				88F3904E19D595C200169918 /* Model */,
			);
			path = DDL;
			sourceTree = "<group>";
		};
		88F3904519D595C200169918 /* FormWidget */ = {
			isa = PBXGroup;
			children = (
				88F3904619D595C200169918 /* DDLFormView.swift */,
				88F3904719D595C200169918 /* DDLFormWidget.swift */,
				88F3904819D595C200169918 /* TableView */,
			);
			path = FormWidget;
			sourceTree = "<group>";
		};
		88F3904819D595C200169918 /* TableView */ = {
			isa = PBXGroup;
			children = (
				88F3904919D595C200169918 /* DDLFieldTableCell.swift */,
				88F3904A19D595C200169918 /* DDLFormTableView.swift */,
			);
			path = TableView;
			sourceTree = "<group>";
		};
		88F3904B19D595C200169918 /* ListWidget */ = {
			isa = PBXGroup;
			children = (
				88F3904C19D595C200169918 /* DDLListView.swift */,
				88F3904D19D595C200169918 /* DDLListWidget.swift */,
			);
			path = ListWidget;
			sourceTree = "<group>";
		};
		88F3904E19D595C200169918 /* Model */ = {
			isa = PBXGroup;
			children = (
				88F3904F19D595C200169918 /* DDLField+DataType.swift */,
				88F3905019D595C200169918 /* DDLField+Editor.swift */,
				88F3905119D595C200169918 /* DDLField.swift */,
				88F3905219D595C200169918 /* DDLFieldBoolean.swift */,
				88F3905319D595C200169918 /* DDLFieldDate.swift */,
				88F3905419D595C200169918 /* DDLFieldDocument.swift */,
				88F3905519D595C200169918 /* DDLFieldNumber.swift */,
				88F3905619D595C200169918 /* DDLFieldString.swift */,
				88F3905719D595C200169918 /* DDLFieldStringWithOptions.swift */,
				88F3905819D595C200169918 /* DDLFieldUntyped.swift */,
				88F3905919D595C200169918 /* DDLRecord.swift */,
			);
			path = Model;
			sourceTree = "<group>";
		};
		88F3905A19D595C200169918 /* Extensions */ = {
			isa = PBXGroup;
			children = (
				88F3905B19D595C200169918 /* Bool+Conversion.swift */,
				88F3905C19D595C200169918 /* Global.swift */,
				88F3905E19D595C200169918 /* NSLocale+CurrentLocale.swift */,
				88F3906119D595C200169918 /* UIView+Animations.swift */,
			);
			path = Extensions;
			sourceTree = "<group>";
		};
		88F3906C19D595C200169918 /* Services */ = {
			isa = PBXGroup;
			children = (
				88F3906D19D595C200169918 /* LRMobilewidgetsassetentryService_v62.h */,
				88F3906E19D595C200169918 /* LRMobilewidgetsassetentryService_v62.m */,
				88F3906F19D595C200169918 /* LRMobilewidgetsddlrecordService_v62.h */,
				88F3907019D595C200169918 /* LRMobilewidgetsddlrecordService_v62.m */,
				88F3907119D595C200169918 /* LRMobilewidgetsuserService_v62.h */,
				88F3907219D595C200169918 /* LRMobilewidgetsuserService_v62.m */,
			);
			path = Services;
			sourceTree = "<group>";
		};
		88F3907619D595C200169918 /* Themes */ = {
			isa = PBXGroup;
			children = (
				88F3907719D595C200169918 /* Default */,
				88F390C319D595C200169918 /* Flat7 */,
			);
			name = Themes;
			path = ../../Library/Themes;
			sourceTree = "<group>";
		};
		88F3907719D595C200169918 /* Default */ = {
			isa = PBXGroup;
			children = (
				88F3907819D595C200169918 /* AssetDisplay */,
				88F3907B19D595C200169918 /* AssetList */,
				88C7AE0419D972EB008F1B19 /* Auth */,
				88F3907E19D595C200169918 /* DDL */,
				88F3909B19D595C200169918 /* DefaultThemeConstants.swift */,
				88F390A219D595C200169918 /* Resources */,
			);
			path = Default;
			sourceTree = "<group>";
		};
		88F3907819D595C200169918 /* AssetDisplay */ = {
			isa = PBXGroup;
			children = (
				88F3907919D595C200169918 /* WebContentView_default.swift */,
				88F3907A19D595C200169918 /* WebContentView_default.xib */,
			);
			path = AssetDisplay;
			sourceTree = "<group>";
		};
		88F3907B19D595C200169918 /* AssetList */ = {
			isa = PBXGroup;
			children = (
				88F3907C19D595C200169918 /* AssetListView_default.swift */,
				88F3907D19D595C200169918 /* AssetListView_default.xib */,
			);
			path = AssetList;
			sourceTree = "<group>";
		};
		88F3907E19D595C200169918 /* DDL */ = {
			isa = PBXGroup;
			children = (
				88F3907F19D595C200169918 /* Form */,
				88F3909819D595C200169918 /* List */,
			);
			path = DDL;
			sourceTree = "<group>";
		};
		88F3907F19D595C200169918 /* Form */ = {
			isa = PBXGroup;
			children = (
				88F3908019D595C200169918 /* DDLBaseFieldTextFieldTableCell_default.swift */,
				88F3908119D595C200169918 /* DDLFieldCheckboxTableCell_default.swift */,
				88F3908219D595C200169918 /* DDLFieldCheckboxTableCell_default.xib */,
				88F3908319D595C200169918 /* DDLFieldDateTableCell_default.swift */,
				88F3908419D595C200169918 /* DDLFieldDateTableCell_default.xib */,
				88F3908519D595C200169918 /* DDLFieldDocumentlibraryPresenterViewController_default.swift */,
				88F3908619D595C200169918 /* DDLFieldDocumentlibraryPresenterViewController_default.xib */,
				88F3908719D595C200169918 /* DDLFieldDocumentlibraryTableCell_default.swift */,
				88F3908819D595C200169918 /* DDLFieldDocumentlibraryTableCell_default.xib */,
				88F3908919D595C200169918 /* DDLFieldNumberTableCell_default.swift */,
				88F3908A19D595C200169918 /* DDLFieldNumberTableCell_default.xib */,
				88F3908B19D595C200169918 /* DDLFieldRadioTableCell_default.swift */,
				88F3908C19D595C200169918 /* DDLFieldRadioTableCell_default.xib */,
				88F3908D19D595C200169918 /* DDLFieldSelectTableCell_default.swift */,
				88F3908E19D595C200169918 /* DDLFieldSelectTableCell_default.xib */,
				88F3908F19D595C200169918 /* DDLFieldTextareaTableCell_default.swift */,
				88F3909019D595C200169918 /* DDLFieldTextareaTableCell_default.xib */,
				88F3909119D595C200169918 /* DDLFieldTextTableCell_default.swift */,
				88F3909219D595C200169918 /* DDLFieldTextTableCell_default.xib */,
				88F3909319D595C200169918 /* DDLFormDefaultThemeConstants.swift */,
				88F3909419D595C200169918 /* DDLFormView_default.swift */,
				88F3909519D595C200169918 /* DDLFormView_default.xib */,
				88F3909619D595C200169918 /* DDLSubmitButtonTableCell_default.swift */,
				88F3909719D595C200169918 /* DDLSubmitButtonTableCell_default.xib */,
			);
			path = Form;
			sourceTree = "<group>";
		};
		88F3909819D595C200169918 /* List */ = {
			isa = PBXGroup;
			children = (
				88F3909919D595C200169918 /* DDLListView_default.swift */,
				88F3909A19D595C200169918 /* DDLListView_default.xib */,
			);
			path = List;
			sourceTree = "<group>";
		};
		88F390A219D595C200169918 /* Resources */ = {
			isa = PBXGroup;
			children = (
				88F390A319D595C200169918 /* default-calendar.png */,
				88F390A419D595C200169918 /* default-calendar@2x.png */,
				88F390A519D595C200169918 /* default-field-failed.png */,
				88F390A619D595C200169918 /* default-field-failed@2x.png */,
				88F390A719D595C200169918 /* default-field-focused.png */,
				88F390A819D595C200169918 /* default-field-focused@2x.png */,
				88F390A919D595C200169918 /* default-field.png */,
				88F390AA19D595C200169918 /* default-field@2x.png */,
				88F390AB19D595C200169918 /* default-hourglass.png */,
				88F390AC19D595C200169918 /* default-hourglass@2x.png */,
				88F390AD19D595C200169918 /* default-large-button-selected.png */,
				88F390AE19D595C200169918 /* default-large-button-selected@2x.png */,
				88F390AF19D595C200169918 /* default-large-button.png */,
				88F390B019D595C200169918 /* default-large-button@2x.png */,
				88F390B119D595C200169918 /* default-lock-icon.png */,
				88F390B219D595C200169918 /* default-lock-icon@2x.png */,
				88F390B319D595C200169918 /* default-mail-icon.png */,
				88F390B419D595C200169918 /* default-mail-icon@2x.png */,
				88F390B519D595C200169918 /* default-multiline-field.png */,
				88F390B619D595C200169918 /* default-multiline-field@2x.png */,
				88F390B719D595C200169918 /* default-preview-assetlist.png */,
				88F390B819D595C200169918 /* default-preview-assetlist@2x.png */,
				88F390B919D595C200169918 /* default-preview-ddlform.png */,
				88F390BA19D595C200169918 /* default-preview-ddlform@2x.png */,
				88F390BB19D595C200169918 /* default-preview-webcontent.png */,
				88F390BC19D595C200169918 /* default-preview-webcontent@2x.png */,
				88F390BD19D595C200169918 /* default-user-icon.png */,
				88F390BE19D595C200169918 /* default-user-icon@2x.png */,
			);
			path = Resources;
			sourceTree = "<group>";
		};
		88F390C319D595C200169918 /* Flat7 */ = {
			isa = PBXGroup;
			children = (
				88C7AE1419D972FB008F1B19 /* Auth */,
				88F390C419D595C200169918 /* Flat7ThemeConstants.swift */,
				88F390CB19D595C200169918 /* Resources */,
			);
			path = Flat7;
			sourceTree = "<group>";
		};
		88F390CB19D595C200169918 /* Resources */ = {
			isa = PBXGroup;
			children = (
				88F390CC19D595C200169918 /* flat7.strings */,
				88F390CF19D595C200169918 /* flat7-button.png */,
				88F390D019D595C200169918 /* flat7-button@2x.png */,
				88F390D119D595C200169918 /* flat7-field.png */,
				88F390D219D595C200169918 /* flat7-field@2x.png */,
			);
			path = Resources;
			sourceTree = "<group>";
		};
		F05CF7C2287C4AE6A3C1F243 /* Frameworks */ = {
			isa = PBXGroup;
			children = (
				8890CDA919AE1CA50012B842 /* MobileCoreServices.framework */,
				01D782ECE4B14578B67EA5D0 /* libPods.a */,
			);
			name = Frameworks;
			sourceTree = "<group>";
		};
/* End PBXGroup section */

/* Begin PBXNativeTarget section */
		8868AFC519656B0500FD5214 /* Liferay-iOS-Widgets-Swift-Sample */ = {
			isa = PBXNativeTarget;
			buildConfigurationList = 8868AFE219656B0500FD5214 /* Build configuration list for PBXNativeTarget "Liferay-iOS-Widgets-Swift-Sample" */;
			buildPhases = (
				5EAE9C34BCC14E398ABB3492 /* Check Pods Manifest.lock */,
				8868AFC219656B0500FD5214 /* Sources */,
				8868AFC319656B0500FD5214 /* Frameworks */,
				8868AFC419656B0500FD5214 /* Resources */,
				DBB31E684A444F2E870E3717 /* Copy Pods Resources */,
			);
			buildRules = (
			);
			dependencies = (
			);
			name = "Liferay-iOS-Widgets-Swift-Sample";
			productName = "Liferay-iOS-Widgets-Swift-Sample";
			productReference = 8868AFC619656B0500FD5214 /* Liferay-iOS-Widgets-Swift-Sample.app */;
			productType = "com.apple.product-type.application";
		};
/* End PBXNativeTarget section */

/* Begin PBXProject section */
		8868AFBE19656B0500FD5214 /* Project object */ = {
			isa = PBXProject;
			attributes = {
				LastUpgradeCheck = 0600;
				ORGANIZATIONNAME = Liferay;
				TargetAttributes = {
					8868AFC519656B0500FD5214 = {
						CreatedOnToolsVersion = 6.0;
					};
				};
			};
			buildConfigurationList = 8868AFC119656B0500FD5214 /* Build configuration list for PBXProject "Liferay-iOS-Widgets-Swift-Sample" */;
			compatibilityVersion = "Xcode 3.2";
			developmentRegion = English;
			hasScannedForEncodings = 0;
			knownRegions = (
				en,
				Base,
				es,
			);
			mainGroup = 8868AFBD19656B0500FD5214;
			productRefGroup = 8868AFC719656B0500FD5214 /* Products */;
			projectDirPath = "";
			projectRoot = "";
			targets = (
				8868AFC519656B0500FD5214 /* Liferay-iOS-Widgets-Swift-Sample */,
			);
		};
/* End PBXProject section */

/* Begin PBXResourcesBuildPhase section */
		8868AFC419656B0500FD5214 /* Resources */ = {
			isa = PBXResourcesBuildPhase;
			buildActionMask = 2147483647;
			files = (
				88F3914219D595C200169918 /* default-preview-assetlist.png in Resources */,
				8868AFD119656B0500FD5214 /* Main.storyboard in Resources */,
				88F3914119D595C200169918 /* default-multiline-field@2x.png in Resources */,
				88F3911919D595C200169918 /* DDLFieldNumberTableCell_default.xib in Resources */,
				88F3915219D595C200169918 /* flat7.strings in Resources */,
				88F3912F19D595C200169918 /* default-calendar@2x.png in Resources */,
				88F3912E19D595C200169918 /* default-calendar.png in Resources */,
				88F3915519D595C200169918 /* flat7-field.png in Resources */,
				88F3913419D595C200169918 /* default-field.png in Resources */,
				88F3914019D595C200169918 /* default-multiline-field.png in Resources */,
				88F3915619D595C200169918 /* flat7-field@2x.png in Resources */,
				88F3913B19D595C200169918 /* default-large-button@2x.png in Resources */,
				88F3910E19D595C200169918 /* AssetListView_default.xib in Resources */,
				88F3912119D595C200169918 /* DDLFieldTextTableCell_default.xib in Resources */,
				88C7AE1319D972EB008F1B19 /* SignUpView_default.xib in Resources */,
				88C7AE2319D972FB008F1B19 /* SignUpView_flat7.xib in Resources */,
				88F3914919D595C200169918 /* default-user-icon@2x.png in Resources */,
				88F3913219D595C200169918 /* default-field-focused.png in Resources */,
				88F3914819D595C200169918 /* default-user-icon.png in Resources */,
				88F3912619D595C200169918 /* DDLSubmitButtonTableCell_default.xib in Resources */,
				88F3913119D595C200169918 /* default-field-failed@2x.png in Resources */,
				88F3911119D595C200169918 /* DDLFieldCheckboxTableCell_default.xib in Resources */,
				88F3913619D595C200169918 /* default-hourglass.png in Resources */,
				88F3914419D595C200169918 /* default-preview-ddlform.png in Resources */,
				88F3913919D595C200169918 /* default-large-button-selected@2x.png in Resources */,
				88F3911F19D595C200169918 /* DDLFieldTextareaTableCell_default.xib in Resources */,
				88F3913C19D595C200169918 /* default-lock-icon.png in Resources */,
				88F3911D19D595C200169918 /* DDLFieldSelectTableCell_default.xib in Resources */,
				88F3913E19D595C200169918 /* default-mail-icon.png in Resources */,
				8868AFD319656B0500FD5214 /* Images.xcassets in Resources */,
				88F3911319D595C200169918 /* DDLFieldDateTableCell_default.xib in Resources */,
				88F3910119D595C200169918 /* liferay-server-context-sample.plist in Resources */,
				88F3914619D595C200169918 /* default-preview-webcontent.png in Resources */,
				88F3912819D595C200169918 /* DDLListView_default.xib in Resources */,
				88F3913D19D595C200169918 /* default-lock-icon@2x.png in Resources */,
				88F3910C19D595C200169918 /* WebContentView_default.xib in Resources */,
				88F3914319D595C200169918 /* default-preview-assetlist@2x.png in Resources */,
				88F3911519D595C200169918 /* DDLFieldDocumentlibraryPresenterViewController_default.xib in Resources */,
				88F3915319D595C200169918 /* flat7-button.png in Resources */,
				88F3913719D595C200169918 /* default-hourglass@2x.png in Resources */,
				88F3914519D595C200169918 /* default-preview-ddlform@2x.png in Resources */,
				88F3902B19D595B100169918 /* liferay-server-context.plist in Resources */,
				88F3913819D595C200169918 /* default-large-button-selected.png in Resources */,
				88F3911B19D595C200169918 /* DDLFieldRadioTableCell_default.xib in Resources */,
				88C7AE2119D972FB008F1B19 /* LoginView_flat7.xib in Resources */,
				88F3913319D595C200169918 /* default-field-focused@2x.png in Resources */,
				88C7AE1119D972EB008F1B19 /* LoginView_default.xib in Resources */,
				88F3915419D595C200169918 /* flat7-button@2x.png in Resources */,
				88F3911719D595C200169918 /* DDLFieldDocumentlibraryTableCell_default.xib in Resources */,
				88C7AE1F19D972FB008F1B19 /* ForgotPasswordView_flat7.xib in Resources */,
				88F3912419D595C200169918 /* DDLFormView_default.xib in Resources */,
				88F3913A19D595C200169918 /* default-large-button.png in Resources */,
				88F3913019D595C200169918 /* default-field-failed.png in Resources */,
				88F3913F19D595C200169918 /* default-mail-icon@2x.png in Resources */,
				88F3914719D595C200169918 /* default-preview-webcontent@2x.png in Resources */,
				88F3913519D595C200169918 /* default-field@2x.png in Resources */,
				88C7AE0F19D972EB008F1B19 /* ForgotPasswordView_default.xib in Resources */,
			);
			runOnlyForDeploymentPostprocessing = 0;
		};
/* End PBXResourcesBuildPhase section */

/* Begin PBXShellScriptBuildPhase section */
		5EAE9C34BCC14E398ABB3492 /* Check Pods Manifest.lock */ = {
			isa = PBXShellScriptBuildPhase;
			buildActionMask = 2147483647;
			files = (
			);
			inputPaths = (
			);
			name = "Check Pods Manifest.lock";
			outputPaths = (
			);
			runOnlyForDeploymentPostprocessing = 0;
			shellPath = /bin/sh;
			shellScript = "diff \"${PODS_ROOT}/../Podfile.lock\" \"${PODS_ROOT}/Manifest.lock\" > /dev/null\nif [[ $? != 0 ]] ; then\n    cat << EOM\nerror: The sandbox is not in sync with the Podfile.lock. Run 'pod install' or update your CocoaPods installation.\nEOM\n    exit 1\nfi\n";
			showEnvVarsInLog = 0;
		};
		DBB31E684A444F2E870E3717 /* Copy Pods Resources */ = {
			isa = PBXShellScriptBuildPhase;
			buildActionMask = 2147483647;
			files = (
			);
			inputPaths = (
			);
			name = "Copy Pods Resources";
			outputPaths = (
			);
			runOnlyForDeploymentPostprocessing = 0;
			shellPath = /bin/sh;
			shellScript = "\"${SRCROOT}/Pods/Pods-resources.sh\"\n";
			showEnvVarsInLog = 0;
		};
/* End PBXShellScriptBuildPhase section */

/* Begin PBXSourcesBuildPhase section */
		8868AFC219656B0500FD5214 /* Sources */ = {
			isa = PBXSourcesBuildPhase;
			buildActionMask = 2147483647;
			files = (
				88D238A619D997AC00CE8DBC /* LiferayForgotPasswordUserIdConnector.swift in Sources */,
				88F3910619D595C200169918 /* LRMobilewidgetsassetentryService_v62.m in Sources */,
				88C7ADF819D97048008F1B19 /* ForgotPasswordView.swift in Sources */,
				88F3912519D595C200169918 /* DDLSubmitButtonTableCell_default.swift in Sources */,
				88F390E219D595C200169918 /* LiferayServerContext.swift in Sources */,
				88F3910819D595C200169918 /* LRMobilewidgetsuserService_v62.m in Sources */,
				88C7ADFB19D97048008F1B19 /* LiferayLoginBaseConnector.swift in Sources */,
				88C7ADDC19D96DF9008F1B19 /* BaseConnector.swift in Sources */,
				88F3912919D595C200169918 /* DefaultThemeConstants.swift in Sources */,
				88C7AE2219D972FB008F1B19 /* SignUpView_flat7.swift in Sources */,
				88D238A419D9963000CE8DBC /* LiferayForgotPasswordScreenNameConnector.swift in Sources */,
				88F390FE19D595C200169918 /* UIView+Animations.swift in Sources */,
				8868AFCE19656B0500FD5214 /* ViewController.swift in Sources */,
				88F390EC19D595C200169918 /* DDLListView.swift in Sources */,
				88F390EA19D595C200169918 /* DDLFieldTableCell.swift in Sources */,
				88F390FA19D595C200169918 /* Global.swift in Sources */,
				88F3914D19D595C200169918 /* Flat7ThemeConstants.swift in Sources */,
				88F390FC19D595C200169918 /* NSLocale+CurrentLocale.swift in Sources */,
				88D238A319D9963000CE8DBC /* LiferayForgotPasswordEmailConnector.swift in Sources */,
				88C7AE2019D972FB008F1B19 /* LoginView_flat7.swift in Sources */,
				88F390F319D595C200169918 /* DDLFieldDocument.swift in Sources */,
				88F3911C19D595C200169918 /* DDLFieldSelectTableCell_default.swift in Sources */,
				88F390D819D595C200169918 /* WebContentWidget.swift in Sources */,
				88F3911219D595C200169918 /* DDLFieldDateTableCell_default.swift in Sources */,
				88C7ADFC19D97048008F1B19 /* LiferayLoginEmailConnector.swift in Sources */,
				88F390F019D595C200169918 /* DDLField.swift in Sources */,
				88C7ADFF19D97048008F1B19 /* LoginWidget.swift in Sources */,
				88F390DB19D595C200169918 /* AssetListTableView.swift in Sources */,
				88F390F519D595C200169918 /* DDLFieldString.swift in Sources */,
				88F390F419D595C200169918 /* DDLFieldNumber.swift in Sources */,
				88F3912019D595C200169918 /* DDLFieldTextTableCell_default.swift in Sources */,
				88C7AE0119D97048008F1B19 /* LiferaySignUpConnector.swift in Sources */,
				88C7ADFD19D97048008F1B19 /* LiferayLoginScreenNameConnector.swift in Sources */,
				88F390E919D595C200169918 /* DDLFormWidget.swift in Sources */,
				88F390E419D595C200169918 /* SessionContext.swift in Sources */,
				88F3911E19D595C200169918 /* DDLFieldTextareaTableCell_default.swift in Sources */,
				88F390E719D595C200169918 /* DDLXSDParser.swift in Sources */,
				88F390E619D595C200169918 /* DDLValuesParser.swift in Sources */,
				88F390DF19D595C200169918 /* BaseWidget+progress.swift in Sources */,
				88F390F819D595C200169918 /* DDLRecord.swift in Sources */,
				88C7ADFE19D97048008F1B19 /* LoginView.swift in Sources */,
				88C7AE0E19D972EB008F1B19 /* ForgotPasswordView_default.swift in Sources */,
				8868AFCC19656B0500FD5214 /* AppDelegate.swift in Sources */,
				88F390ED19D595C200169918 /* DDLListWidget.swift in Sources */,
				88F3910F19D595C200169918 /* DDLBaseFieldTextFieldTableCell_default.swift in Sources */,
				88F390F719D595C200169918 /* DDLFieldUntyped.swift in Sources */,
				88F390E119D595C200169918 /* BaseWidgetView.swift in Sources */,
				8845B85019CC32560025D1D2 /* DDListViewController.swift in Sources */,
				88C7ADF919D97048008F1B19 /* ForgotPasswordWidget.swift in Sources */,
				88F3911019D595C200169918 /* DDLFieldCheckboxTableCell_default.swift in Sources */,
				88C7ADF719D97048008F1B19 /* AuthBased.swift in Sources */,
				88F3911819D595C200169918 /* DDLFieldNumberTableCell_default.swift in Sources */,
				88F390F919D595C200169918 /* Bool+Conversion.swift in Sources */,
				88F3910D19D595C200169918 /* AssetListView_default.swift in Sources */,
				88C7AE0219D97048008F1B19 /* SignUpView.swift in Sources */,
				88F3910719D595C200169918 /* LRMobilewidgetsddlrecordService_v62.m in Sources */,
				88F390F619D595C200169918 /* DDLFieldStringWithOptions.swift in Sources */,
				88F390D719D595C200169918 /* WebContentView.swift in Sources */,
				88F390EE19D595C200169918 /* DDLField+DataType.swift in Sources */,
				88F390DE19D595C200169918 /* BaseListTableView.swift in Sources */,
				88F390E819D595C200169918 /* DDLFormView.swift in Sources */,
				88F390F219D595C200169918 /* DDLFieldDate.swift in Sources */,
				88F390F119D595C200169918 /* DDLFieldBoolean.swift in Sources */,
				88F390D919D595C200169918 /* AssetListView.swift in Sources */,
				88F390E319D595C200169918 /* PaginationOperation.swift in Sources */,
				88C7AE1E19D972FB008F1B19 /* ForgotPasswordView_flat7.swift in Sources */,
				885FD6831996E1DF00F23BA1 /* FormViewController.swift in Sources */,
				888F6206198FD3F20082786B /* SignUpViewController.swift in Sources */,
				88F390EB19D595C200169918 /* DDLFormTableView.swift in Sources */,
				88F3910B19D595C200169918 /* WebContentView_default.swift in Sources */,
				889558DF19C1E7FD00657AC7 /* AssetListViewController.swift in Sources */,
				88C7AE0319D97048008F1B19 /* SignUpWidget.swift in Sources */,
				88F3911619D595C200169918 /* DDLFieldDocumentlibraryTableCell_default.swift in Sources */,
				88F390DC19D595C200169918 /* BaseListView.swift in Sources */,
				88F390EF19D595C200169918 /* DDLField+Editor.swift in Sources */,
				88D238A019D9942F00CE8DBC /* LiferayForgotPasswordBaseConnector.swift in Sources */,
				88F390E019D595C200169918 /* BaseWidget.swift in Sources */,
				88C7AE0019D97048008F1B19 /* LRSession+CredentialStore.swift in Sources */,
				88F3911A19D595C200169918 /* DDLFieldRadioTableCell_default.swift in Sources */,
				88F3912719D595C200169918 /* DDLListView_default.swift in Sources */,
				8811DC4019BDD0FA008FE226 /* WebContentViewController.swift in Sources */,
				88F390DD19D595C200169918 /* BaseListWidget.swift in Sources */,
				88D238AA19D9AA0B00CE8DBC /* LiferayLoginUserIdConnector.swift in Sources */,
				88C7AE1019D972EB008F1B19 /* LoginView_default.swift in Sources */,
				88F390DA19D595C200169918 /* AssetListWidget.swift in Sources */,
				88F3912319D595C200169918 /* DDLFormView_default.swift in Sources */,
				88F3912219D595C200169918 /* DDLFormDefaultThemeConstants.swift in Sources */,
				88F3911419D595C200169918 /* DDLFieldDocumentlibraryPresenterViewController_default.swift in Sources */,
				88F390E519D595C200169918 /* ThemeManager.swift in Sources */,
				88C7AE1219D972EB008F1B19 /* SignUpView_default.swift in Sources */,
			);
			runOnlyForDeploymentPostprocessing = 0;
		};
/* End PBXSourcesBuildPhase section */

/* Begin PBXVariantGroup section */
		8868AFCF19656B0500FD5214 /* Main.storyboard */ = {
			isa = PBXVariantGroup;
			children = (
				8868AFD019656B0500FD5214 /* Base */,
			);
			name = Main.storyboard;
			sourceTree = "<group>";
		};
		88F390CC19D595C200169918 /* flat7.strings */ = {
			isa = PBXVariantGroup;
			children = (
				88F390CD19D595C200169918 /* en */,
				88F390CE19D595C200169918 /* es */,
			);
			name = flat7.strings;
			sourceTree = "<group>";
		};
/* End PBXVariantGroup section */

/* Begin XCBuildConfiguration section */
		8868AFE019656B0500FD5214 /* Debug */ = {
			isa = XCBuildConfiguration;
			buildSettings = {
				ALWAYS_SEARCH_USER_PATHS = NO;
				CLANG_CXX_LANGUAGE_STANDARD = "gnu++0x";
				CLANG_CXX_LIBRARY = "libc++";
				CLANG_ENABLE_MODULES = YES;
				CLANG_ENABLE_OBJC_ARC = YES;
				CLANG_WARN_BOOL_CONVERSION = YES;
				CLANG_WARN_CONSTANT_CONVERSION = YES;
				CLANG_WARN_DIRECT_OBJC_ISA_USAGE = YES_ERROR;
				CLANG_WARN_EMPTY_BODY = YES;
				CLANG_WARN_ENUM_CONVERSION = YES;
				CLANG_WARN_INT_CONVERSION = YES;
				CLANG_WARN_OBJC_ROOT_CLASS = YES_ERROR;
				CLANG_WARN_UNREACHABLE_CODE = YES;
				CLANG_WARN__DUPLICATE_METHOD_MATCH = YES;
				"CODE_SIGN_IDENTITY[sdk=iphoneos*]" = "iPhone Developer";
				COPY_PHASE_STRIP = NO;
				ENABLE_STRICT_OBJC_MSGSEND = YES;
				GCC_C_LANGUAGE_STANDARD = gnu99;
				GCC_DYNAMIC_NO_PIC = NO;
				GCC_OPTIMIZATION_LEVEL = 0;
				GCC_PREPROCESSOR_DEFINITIONS = (
					"DEBUG=1",
					"$(inherited)",
				);
				GCC_SYMBOLS_PRIVATE_EXTERN = NO;
				GCC_WARN_64_TO_32_BIT_CONVERSION = YES;
				GCC_WARN_ABOUT_RETURN_TYPE = YES_ERROR;
				GCC_WARN_UNDECLARED_SELECTOR = YES;
				GCC_WARN_UNINITIALIZED_AUTOS = YES_AGGRESSIVE;
				GCC_WARN_UNUSED_FUNCTION = YES;
				GCC_WARN_UNUSED_VARIABLE = YES;
				IPHONEOS_DEPLOYMENT_TARGET = 8.0;
				METAL_ENABLE_DEBUG_INFO = YES;
				ONLY_ACTIVE_ARCH = YES;
				SDKROOT = iphoneos;
				SWIFT_OPTIMIZATION_LEVEL = "-Onone";
			};
			name = Debug;
		};
		8868AFE119656B0500FD5214 /* Release */ = {
			isa = XCBuildConfiguration;
			buildSettings = {
				ALWAYS_SEARCH_USER_PATHS = NO;
				CLANG_CXX_LANGUAGE_STANDARD = "gnu++0x";
				CLANG_CXX_LIBRARY = "libc++";
				CLANG_ENABLE_MODULES = YES;
				CLANG_ENABLE_OBJC_ARC = YES;
				CLANG_WARN_BOOL_CONVERSION = YES;
				CLANG_WARN_CONSTANT_CONVERSION = YES;
				CLANG_WARN_DIRECT_OBJC_ISA_USAGE = YES_ERROR;
				CLANG_WARN_EMPTY_BODY = YES;
				CLANG_WARN_ENUM_CONVERSION = YES;
				CLANG_WARN_INT_CONVERSION = YES;
				CLANG_WARN_OBJC_ROOT_CLASS = YES_ERROR;
				CLANG_WARN_UNREACHABLE_CODE = YES;
				CLANG_WARN__DUPLICATE_METHOD_MATCH = YES;
				"CODE_SIGN_IDENTITY[sdk=iphoneos*]" = "iPhone Developer";
				COPY_PHASE_STRIP = YES;
				ENABLE_NS_ASSERTIONS = NO;
				ENABLE_STRICT_OBJC_MSGSEND = YES;
				GCC_C_LANGUAGE_STANDARD = gnu99;
				GCC_WARN_64_TO_32_BIT_CONVERSION = YES;
				GCC_WARN_ABOUT_RETURN_TYPE = YES_ERROR;
				GCC_WARN_UNDECLARED_SELECTOR = YES;
				GCC_WARN_UNINITIALIZED_AUTOS = YES_AGGRESSIVE;
				GCC_WARN_UNUSED_FUNCTION = YES;
				GCC_WARN_UNUSED_VARIABLE = YES;
				IPHONEOS_DEPLOYMENT_TARGET = 8.0;
				METAL_ENABLE_DEBUG_INFO = NO;
				SDKROOT = iphoneos;
				VALIDATE_PRODUCT = YES;
			};
			name = Release;
		};
		8868AFE319656B0500FD5214 /* Debug */ = {
			isa = XCBuildConfiguration;
			baseConfigurationReference = 6CDED001B92C49429A1F0D49 /* Pods.xcconfig */;
			buildSettings = {
				ASSETCATALOG_COMPILER_APPICON_NAME = AppIcon;
				ASSETCATALOG_COMPILER_LAUNCHIMAGE_NAME = LaunchImage;
				INFOPLIST_FILE = "Liferay-iOS-Widgets-Swift-Sample/Info.plist";
				LD_RUNPATH_SEARCH_PATHS = "$(inherited) @executable_path/Frameworks";
				PRODUCT_NAME = "$(TARGET_NAME)";
				SWIFT_OBJC_BRIDGING_HEADER = "${SRCROOT}/../../Library/Source/liferay-ios-widgets.h";
			};
			name = Debug;
		};
		8868AFE419656B0500FD5214 /* Release */ = {
			isa = XCBuildConfiguration;
			baseConfigurationReference = 6CDED001B92C49429A1F0D49 /* Pods.xcconfig */;
			buildSettings = {
				ASSETCATALOG_COMPILER_APPICON_NAME = AppIcon;
				ASSETCATALOG_COMPILER_LAUNCHIMAGE_NAME = LaunchImage;
				INFOPLIST_FILE = "Liferay-iOS-Widgets-Swift-Sample/Info.plist";
				LD_RUNPATH_SEARCH_PATHS = "$(inherited) @executable_path/Frameworks";
				PRODUCT_NAME = "$(TARGET_NAME)";
				SWIFT_OBJC_BRIDGING_HEADER = "${SRCROOT}/../../Library/Source/liferay-ios-widgets.h";
			};
			name = Release;
		};
/* End XCBuildConfiguration section */

/* Begin XCConfigurationList section */
		8868AFC119656B0500FD5214 /* Build configuration list for PBXProject "Liferay-iOS-Widgets-Swift-Sample" */ = {
			isa = XCConfigurationList;
			buildConfigurations = (
				8868AFE019656B0500FD5214 /* Debug */,
				8868AFE119656B0500FD5214 /* Release */,
			);
			defaultConfigurationIsVisible = 0;
			defaultConfigurationName = Release;
		};
		8868AFE219656B0500FD5214 /* Build configuration list for PBXNativeTarget "Liferay-iOS-Widgets-Swift-Sample" */ = {
			isa = XCConfigurationList;
			buildConfigurations = (
				8868AFE319656B0500FD5214 /* Debug */,
				8868AFE419656B0500FD5214 /* Release */,
			);
			defaultConfigurationIsVisible = 0;
			defaultConfigurationName = Release;
		};
/* End XCConfigurationList section */
	};
	rootObject = 8868AFBE19656B0500FD5214 /* Project object */;
}
