
Microsoft Visual Studio Solution File, Format Version 12.00
# Visual Studio 2012
Project("{FAE04EC0-301F-11D3-BF4B-00C04F79EFBC}") = "AndorraTelecom-Android", "AndorraTelecom-Android.csproj", "{12F5B396-0E5B-4083-819D-4556A7DE76EF}"
EndProject
Global
	GlobalSection(SolutionConfigurationPlatforms) = preSolution
		Debug|Any CPU = Debug|Any CPU
		Release|Any CPU = Release|Any CPU
	EndGlobalSection
	GlobalSection(ProjectConfigurationPlatforms) = postSolution
		{12F5B396-0E5B-4083-819D-4556A7DE76EF}.Debug|Any CPU.ActiveCfg = Debug|Any CPU
		{12F5B396-0E5B-4083-819D-4556A7DE76EF}.Debug|Any CPU.Build.0 = Debug|Any CPU
		{12F5B396-0E5B-4083-819D-4556A7DE76EF}.Release|Any CPU.ActiveCfg = Release|Any CPU
		{12F5B396-0E5B-4083-819D-4556A7DE76EF}.Release|Any CPU.Build.0 = Release|Any CPU
	EndGlobalSection
EndGlobal
